// !$*UTF8*$!
{
	archiveVersion = 1;
	classes = {
	};
	objectVersion = 50;
	objects = {

/* Begin PBXBuildFile section */
		B41EF3AA27A85E6100A28382 /* ContactosServerModel.swift in Sources */ = {isa = PBXBuildFile; fileRef = B41EF3A927A85E6100A28382 /* ContactosServerModel.swift */; };
		B41EF3AF27A8667400A28382 /* ContactosCell.swift in Sources */ = {isa = PBXBuildFile; fileRef = B41EF3AD27A8667400A28382 /* ContactosCell.swift */; };
		B41EF3B027A8667400A28382 /* ContactosCell.xib in Resources */ = {isa = PBXBuildFile; fileRef = B41EF3AE27A8667400A28382 /* ContactosCell.xib */; };
		B41EF3B527A87B3500A28382 /* DetalleContactoViewController.swift in Sources */ = {isa = PBXBuildFile; fileRef = B41EF3B327A87B3500A28382 /* DetalleContactoViewController.swift */; };
		B41EF3B627A87B3500A28382 /* DetalleContactoViewController.xib in Resources */ = {isa = PBXBuildFile; fileRef = B41EF3B427A87B3500A28382 /* DetalleContactoViewController.xib */; };
		B41EF3BA27A87B4B00A28382 /* DetalleContactoCoordinator.swift in Sources */ = {isa = PBXBuildFile; fileRef = B41EF3B927A87B4B00A28382 /* DetalleContactoCoordinator.swift */; };
		B41EF3BF27A87EEA00A28382 /* PerfilCell.swift in Sources */ = {isa = PBXBuildFile; fileRef = B41EF3BD27A87EEA00A28382 /* PerfilCell.swift */; };
		B41EF3C027A87EEA00A28382 /* PerfilCell.xib in Resources */ = {isa = PBXBuildFile; fileRef = B41EF3BE27A87EEA00A28382 /* PerfilCell.xib */; };
		B43D238827A468E000CD6232 /* AppCoreCoordinator.swift in Sources */ = {isa = PBXBuildFile; fileRef = B43D238727A468DF00CD6232 /* AppCoreCoordinator.swift */; };
		B43D238D27A46B6400CD6232 /* contacts.json in Resources */ = {isa = PBXBuildFile; fileRef = B43D238C27A46B6400CD6232 /* contacts.json */; };
		B43D239027A46B9700CD6232 /* TaskModel.swift in Sources */ = {isa = PBXBuildFile; fileRef = B43D238F27A46B9700CD6232 /* TaskModel.swift */; };
		B43D239C27A471A000CD6232 /* LoginViewController.swift in Sources */ = {isa = PBXBuildFile; fileRef = B43D239A27A471A000CD6232 /* LoginViewController.swift */; };
		B43D239D27A471A000CD6232 /* LoginViewController.xib in Resources */ = {isa = PBXBuildFile; fileRef = B43D239B27A471A000CD6232 /* LoginViewController.xib */; };
		B43D23A127A471C500CD6232 /* HomeTabBarViewController.swift in Sources */ = {isa = PBXBuildFile; fileRef = B43D239F27A471C500CD6232 /* HomeTabBarViewController.swift */; };
		B43D23A227A471C500CD6232 /* HomeTabBarViewController.xib in Resources */ = {isa = PBXBuildFile; fileRef = B43D23A027A471C500CD6232 /* HomeTabBarViewController.xib */; };
		B43D23A627A471EF00CD6232 /* ContactosViewController.swift in Sources */ = {isa = PBXBuildFile; fileRef = B43D23A427A471EF00CD6232 /* ContactosViewController.swift */; };
		B43D23A727A471EF00CD6232 /* ContactosViewController.xib in Resources */ = {isa = PBXBuildFile; fileRef = B43D23A527A471EF00CD6232 /* ContactosViewController.xib */; };
		B43D23AB27A4720100CD6232 /* NuevaTareaViewController.swift in Sources */ = {isa = PBXBuildFile; fileRef = B43D23A927A4720100CD6232 /* NuevaTareaViewController.swift */; };
		B43D23AC27A4720100CD6232 /* NuevaTareaViewController.xib in Resources */ = {isa = PBXBuildFile; fileRef = B43D23AA27A4720100CD6232 /* NuevaTareaViewController.xib */; };
		B43D23B027A4721200CD6232 /* CategoriaViewController.swift in Sources */ = {isa = PBXBuildFile; fileRef = B43D23AE27A4721200CD6232 /* CategoriaViewController.swift */; };
		B43D23B127A4721200CD6232 /* CategoriaViewController.xib in Resources */ = {isa = PBXBuildFile; fileRef = B43D23AF27A4721200CD6232 /* CategoriaViewController.xib */; };
		B43D23B527A4722700CD6232 /* ListaTareasViewController.swift in Sources */ = {isa = PBXBuildFile; fileRef = B43D23B327A4722700CD6232 /* ListaTareasViewController.swift */; };
		B43D23B627A4722700CD6232 /* ListaTareasViewController.xib in Resources */ = {isa = PBXBuildFile; fileRef = B43D23B427A4722700CD6232 /* ListaTareasViewController.xib */; };
		B43D23BB27A4723D00CD6232 /* DetalleTareaViewController.swift in Sources */ = {isa = PBXBuildFile; fileRef = B43D23B927A4723D00CD6232 /* DetalleTareaViewController.swift */; };
		B43D23BC27A4723D00CD6232 /* DetalleTareaViewController.xib in Resources */ = {isa = PBXBuildFile; fileRef = B43D23BA27A4723D00CD6232 /* DetalleTareaViewController.xib */; };
		B43D23BF27A472FD00CD6232 /* LoginViewCoordinator.swift in Sources */ = {isa = PBXBuildFile; fileRef = B43D23BE27A472FD00CD6232 /* LoginViewCoordinator.swift */; };
		B43D23C227A473AF00CD6232 /* ContactosViewCordinator.swift in Sources */ = {isa = PBXBuildFile; fileRef = B43D23C127A473AF00CD6232 /* ContactosViewCordinator.swift */; };
		B43D23C527A473F000CD6232 /* NuevaTareaViewCoordinator.swift in Sources */ = {isa = PBXBuildFile; fileRef = B43D23C427A473F000CD6232 /* NuevaTareaViewCoordinator.swift */; };
		B43D23C827A4740F00CD6232 /* CategoriaViewCoordinator.swift in Sources */ = {isa = PBXBuildFile; fileRef = B43D23C727A4740F00CD6232 /* CategoriaViewCoordinator.swift */; };
		B43D23CB27A4743400CD6232 /* ListaTareasViewCoordinator.swift in Sources */ = {isa = PBXBuildFile; fileRef = B43D23CA27A4743400CD6232 /* ListaTareasViewCoordinator.swift */; };
		B43D23CE27A4745400CD6232 /* DetalleTareaViewCoordinator.swift in Sources */ = {isa = PBXBuildFile; fileRef = B43D23CD27A4745400CD6232 /* DetalleTareaViewCoordinator.swift */; };
		B43D23D127A4750C00CD6232 /* HomeTabBarViewCoordinator.swift in Sources */ = {isa = PBXBuildFile; fileRef = B43D23D027A4750C00CD6232 /* HomeTabBarViewCoordinator.swift */; };
		B43D23D527A48A4C00CD6232 /* Utils.swift in Sources */ = {isa = PBXBuildFile; fileRef = B43D23D427A48A4C00CD6232 /* Utils.swift */; };
		B4D1182027A33DF10087F60C /* AppDelegate.swift in Sources */ = {isa = PBXBuildFile; fileRef = B4D1181F27A33DF10087F60C /* AppDelegate.swift */; };
		B4D1182927A33DF30087F60C /* Assets.xcassets in Resources */ = {isa = PBXBuildFile; fileRef = B4D1182827A33DF30087F60C /* Assets.xcassets */; };
		B4D1182C27A33DF30087F60C /* LaunchScreen.storyboard in Resources */ = {isa = PBXBuildFile; fileRef = B4D1182A27A33DF30087F60C /* LaunchScreen.storyboard */; };
/* End PBXBuildFile section */

/* Begin PBXFileReference section */
		B41EF3A927A85E6100A28382 /* ContactosServerModel.swift */ = {isa = PBXFileReference; lastKnownFileType = sourcecode.swift; path = ContactosServerModel.swift; sourceTree = "<group>"; };
		B41EF3AD27A8667400A28382 /* ContactosCell.swift */ = {isa = PBXFileReference; lastKnownFileType = sourcecode.swift; path = ContactosCell.swift; sourceTree = "<group>"; };
		B41EF3AE27A8667400A28382 /* ContactosCell.xib */ = {isa = PBXFileReference; lastKnownFileType = file.xib; path = ContactosCell.xib; sourceTree = "<group>"; };
		B41EF3B327A87B3500A28382 /* DetalleContactoViewController.swift */ = {isa = PBXFileReference; lastKnownFileType = sourcecode.swift; path = DetalleContactoViewController.swift; sourceTree = "<group>"; };
		B41EF3B427A87B3500A28382 /* DetalleContactoViewController.xib */ = {isa = PBXFileReference; lastKnownFileType = file.xib; path = DetalleContactoViewController.xib; sourceTree = "<group>"; };
		B41EF3B927A87B4B00A28382 /* DetalleContactoCoordinator.swift */ = {isa = PBXFileReference; lastKnownFileType = sourcecode.swift; path = DetalleContactoCoordinator.swift; sourceTree = "<group>"; };
		B41EF3BD27A87EEA00A28382 /* PerfilCell.swift */ = {isa = PBXFileReference; lastKnownFileType = sourcecode.swift; path = PerfilCell.swift; sourceTree = "<group>"; };
		B41EF3BE27A87EEA00A28382 /* PerfilCell.xib */ = {isa = PBXFileReference; lastKnownFileType = file.xib; path = PerfilCell.xib; sourceTree = "<group>"; };
		B43D238727A468DF00CD6232 /* AppCoreCoordinator.swift */ = {isa = PBXFileReference; lastKnownFileType = sourcecode.swift; path = AppCoreCoordinator.swift; sourceTree = "<group>"; };
		B43D238C27A46B6400CD6232 /* contacts.json */ = {isa = PBXFileReference; fileEncoding = 4; lastKnownFileType = text.json; path = contacts.json; sourceTree = "<group>"; };
		B43D238F27A46B9700CD6232 /* TaskModel.swift */ = {isa = PBXFileReference; fileEncoding = 4; lastKnownFileType = sourcecode.swift; path = TaskModel.swift; sourceTree = "<group>"; };
		B43D239A27A471A000CD6232 /* LoginViewController.swift */ = {isa = PBXFileReference; lastKnownFileType = sourcecode.swift; path = LoginViewController.swift; sourceTree = "<group>"; };
		B43D239B27A471A000CD6232 /* LoginViewController.xib */ = {isa = PBXFileReference; lastKnownFileType = file.xib; path = LoginViewController.xib; sourceTree = "<group>"; };
		B43D239F27A471C500CD6232 /* HomeTabBarViewController.swift */ = {isa = PBXFileReference; lastKnownFileType = sourcecode.swift; path = HomeTabBarViewController.swift; sourceTree = "<group>"; };
		B43D23A027A471C500CD6232 /* HomeTabBarViewController.xib */ = {isa = PBXFileReference; lastKnownFileType = file.xib; path = HomeTabBarViewController.xib; sourceTree = "<group>"; };
		B43D23A427A471EF00CD6232 /* ContactosViewController.swift */ = {isa = PBXFileReference; lastKnownFileType = sourcecode.swift; path = ContactosViewController.swift; sourceTree = "<group>"; };
		B43D23A527A471EF00CD6232 /* ContactosViewController.xib */ = {isa = PBXFileReference; lastKnownFileType = file.xib; path = ContactosViewController.xib; sourceTree = "<group>"; };
		B43D23A927A4720100CD6232 /* NuevaTareaViewController.swift */ = {isa = PBXFileReference; lastKnownFileType = sourcecode.swift; path = NuevaTareaViewController.swift; sourceTree = "<group>"; };
		B43D23AA27A4720100CD6232 /* NuevaTareaViewController.xib */ = {isa = PBXFileReference; lastKnownFileType = file.xib; path = NuevaTareaViewController.xib; sourceTree = "<group>"; };
		B43D23AE27A4721200CD6232 /* CategoriaViewController.swift */ = {isa = PBXFileReference; lastKnownFileType = sourcecode.swift; path = CategoriaViewController.swift; sourceTree = "<group>"; };
		B43D23AF27A4721200CD6232 /* CategoriaViewController.xib */ = {isa = PBXFileReference; lastKnownFileType = file.xib; path = CategoriaViewController.xib; sourceTree = "<group>"; };
		B43D23B327A4722700CD6232 /* ListaTareasViewController.swift */ = {isa = PBXFileReference; lastKnownFileType = sourcecode.swift; path = ListaTareasViewController.swift; sourceTree = "<group>"; };
		B43D23B427A4722700CD6232 /* ListaTareasViewController.xib */ = {isa = PBXFileReference; lastKnownFileType = file.xib; path = ListaTareasViewController.xib; sourceTree = "<group>"; };
		B43D23B927A4723D00CD6232 /* DetalleTareaViewController.swift */ = {isa = PBXFileReference; lastKnownFileType = sourcecode.swift; path = DetalleTareaViewController.swift; sourceTree = "<group>"; };
		B43D23BA27A4723D00CD6232 /* DetalleTareaViewController.xib */ = {isa = PBXFileReference; lastKnownFileType = file.xib; path = DetalleTareaViewController.xib; sourceTree = "<group>"; };
		B43D23BE27A472FD00CD6232 /* LoginViewCoordinator.swift */ = {isa = PBXFileReference; lastKnownFileType = sourcecode.swift; path = LoginViewCoordinator.swift; sourceTree = "<group>"; };
		B43D23C127A473AF00CD6232 /* ContactosViewCordinator.swift */ = {isa = PBXFileReference; lastKnownFileType = sourcecode.swift; path = ContactosViewCordinator.swift; sourceTree = "<group>"; };
		B43D23C427A473F000CD6232 /* NuevaTareaViewCoordinator.swift */ = {isa = PBXFileReference; lastKnownFileType = sourcecode.swift; path = NuevaTareaViewCoordinator.swift; sourceTree = "<group>"; };
		B43D23C727A4740F00CD6232 /* CategoriaViewCoordinator.swift */ = {isa = PBXFileReference; lastKnownFileType = sourcecode.swift; path = CategoriaViewCoordinator.swift; sourceTree = "<group>"; };
		B43D23CA27A4743400CD6232 /* ListaTareasViewCoordinator.swift */ = {isa = PBXFileReference; lastKnownFileType = sourcecode.swift; path = ListaTareasViewCoordinator.swift; sourceTree = "<group>"; };
		B43D23CD27A4745400CD6232 /* DetalleTareaViewCoordinator.swift */ = {isa = PBXFileReference; lastKnownFileType = sourcecode.swift; path = DetalleTareaViewCoordinator.swift; sourceTree = "<group>"; };
		B43D23D027A4750C00CD6232 /* HomeTabBarViewCoordinator.swift */ = {isa = PBXFileReference; lastKnownFileType = sourcecode.swift; path = HomeTabBarViewCoordinator.swift; sourceTree = "<group>"; };
		B43D23D427A48A4C00CD6232 /* Utils.swift */ = {isa = PBXFileReference; lastKnownFileType = sourcecode.swift; path = Utils.swift; sourceTree = "<group>"; };
		B4D1181C27A33DF10087F60C /* MiTaskVersion3.0.app */ = {isa = PBXFileReference; explicitFileType = wrapper.application; includeInIndex = 0; path = MiTaskVersion3.0.app; sourceTree = BUILT_PRODUCTS_DIR; };
		B4D1181F27A33DF10087F60C /* AppDelegate.swift */ = {isa = PBXFileReference; lastKnownFileType = sourcecode.swift; path = AppDelegate.swift; sourceTree = "<group>"; };
		B4D1182827A33DF30087F60C /* Assets.xcassets */ = {isa = PBXFileReference; lastKnownFileType = folder.assetcatalog; path = Assets.xcassets; sourceTree = "<group>"; };
		B4D1182B27A33DF30087F60C /* Base */ = {isa = PBXFileReference; lastKnownFileType = file.storyboard; name = Base; path = Base.lproj/LaunchScreen.storyboard; sourceTree = "<group>"; };
		B4D1182D27A33DF30087F60C /* Info.plist */ = {isa = PBXFileReference; lastKnownFileType = text.plist.xml; path = Info.plist; sourceTree = "<group>"; };
/* End PBXFileReference section */

/* Begin PBXFrameworksBuildPhase section */
		B4D1181927A33DF10087F60C /* Frameworks */ = {
			isa = PBXFrameworksBuildPhase;
			buildActionMask = 2147483647;
			files = (
			);
			runOnlyForDeploymentPostprocessing = 0;
		};
/* End PBXFrameworksBuildPhase section */

/* Begin PBXGroup section */
		B41EF3AC27A8665300A28382 /* Cell */ = {
			isa = PBXGroup;
			children = (
				B41EF3AD27A8667400A28382 /* ContactosCell.swift */,
				B41EF3AE27A8667400A28382 /* ContactosCell.xib */,
			);
			path = Cell;
			sourceTree = "<group>";
		};
		B41EF3B227A87B0C00A28382 /* DetalleContactoView */ = {
			isa = PBXGroup;
			children = (
				B41EF3BC27A87EC500A28382 /* Cell */,
				B41EF3B327A87B3500A28382 /* DetalleContactoViewController.swift */,
				B41EF3B427A87B3500A28382 /* DetalleContactoViewController.xib */,
				B41EF3B927A87B4B00A28382 /* DetalleContactoCoordinator.swift */,
			);
			path = DetalleContactoView;
			sourceTree = "<group>";
		};
		B41EF3BC27A87EC500A28382 /* Cell */ = {
			isa = PBXGroup;
			children = (
				B41EF3BD27A87EEA00A28382 /* PerfilCell.swift */,
				B41EF3BE27A87EEA00A28382 /* PerfilCell.xib */,
			);
			path = Cell;
			sourceTree = "<group>";
		};
		B43D238527A468CA00CD6232 /* CoreApp */ = {
			isa = PBXGroup;
			children = (
				B4D1181F27A33DF10087F60C /* AppDelegate.swift */,
				B43D238727A468DF00CD6232 /* AppCoreCoordinator.swift */,
			);
			path = CoreApp;
			sourceTree = "<group>";
		};
		B43D238A27A46B1200CD6232 /* Models */ = {
			isa = PBXGroup;
			children = (
				B43D238F27A46B9700CD6232 /* TaskModel.swift */,
				B41EF3A927A85E6100A28382 /* ContactosServerModel.swift */,
			);
			path = Models;
			sourceTree = "<group>";
		};
		B43D238B27A46B1800CD6232 /* Resources */ = {
			isa = PBXGroup;
			children = (
				B43D238C27A46B6400CD6232 /* contacts.json */,
			);
			path = Resources;
			sourceTree = "<group>";
		};
		B43D239227A4710E00CD6232 /* Sources */ = {
			isa = PBXGroup;
			children = (
				B43D239827A4714C00CD6232 /* ListaTareasView */,
				B43D239627A4713000CD6232 /* NuevaTareaView */,
				B43D239527A4712800CD6232 /* ContactosView */,
				B43D239427A4711E00CD6232 /* HomeTabBarView */,
				B43D239327A4711700CD6232 /* LoginView */,
			);
			path = Sources;
			sourceTree = "<group>";
		};
		B43D239327A4711700CD6232 /* LoginView */ = {
			isa = PBXGroup;
			children = (
				B43D239A27A471A000CD6232 /* LoginViewController.swift */,
				B43D239B27A471A000CD6232 /* LoginViewController.xib */,
				B43D23BE27A472FD00CD6232 /* LoginViewCoordinator.swift */,
			);
			path = LoginView;
			sourceTree = "<group>";
		};
		B43D239427A4711E00CD6232 /* HomeTabBarView */ = {
			isa = PBXGroup;
			children = (
				B43D239F27A471C500CD6232 /* HomeTabBarViewController.swift */,
				B43D23A027A471C500CD6232 /* HomeTabBarViewController.xib */,
				B43D23D027A4750C00CD6232 /* HomeTabBarViewCoordinator.swift */,
			);
			path = HomeTabBarView;
			sourceTree = "<group>";
		};
		B43D239527A4712800CD6232 /* ContactosView */ = {
			isa = PBXGroup;
			children = (
				B41EF3B227A87B0C00A28382 /* DetalleContactoView */,
				B41EF3AC27A8665300A28382 /* Cell */,
				B43D23A427A471EF00CD6232 /* ContactosViewController.swift */,
				B43D23A527A471EF00CD6232 /* ContactosViewController.xib */,
				B43D23C127A473AF00CD6232 /* ContactosViewCordinator.swift */,
			);
			path = ContactosView;
			sourceTree = "<group>";
		};
		B43D239627A4713000CD6232 /* NuevaTareaView */ = {
			isa = PBXGroup;
			children = (
				B43D239727A4713F00CD6232 /* CategoriasView */,
				B43D23A927A4720100CD6232 /* NuevaTareaViewController.swift */,
				B43D23AA27A4720100CD6232 /* NuevaTareaViewController.xib */,
				B43D23C427A473F000CD6232 /* NuevaTareaViewCoordinator.swift */,
			);
			path = NuevaTareaView;
			sourceTree = "<group>";
		};
		B43D239727A4713F00CD6232 /* CategoriasView */ = {
			isa = PBXGroup;
			children = (
				B43D23AE27A4721200CD6232 /* CategoriaViewController.swift */,
				B43D23AF27A4721200CD6232 /* CategoriaViewController.xib */,
				B43D23C727A4740F00CD6232 /* CategoriaViewCoordinator.swift */,
			);
			path = CategoriasView;
			sourceTree = "<group>";
		};
		B43D239827A4714C00CD6232 /* ListaTareasView */ = {
			isa = PBXGroup;
			children = (
				B43D239927A4715F00CD6232 /* DetalleTareaView */,
				B43D23B327A4722700CD6232 /* ListaTareasViewController.swift */,
				B43D23B427A4722700CD6232 /* ListaTareasViewController.xib */,
				B43D23CA27A4743400CD6232 /* ListaTareasViewCoordinator.swift */,
			);
			path = ListaTareasView;
			sourceTree = "<group>";
		};
		B43D239927A4715F00CD6232 /* DetalleTareaView */ = {
			isa = PBXGroup;
			children = (
				B43D23B927A4723D00CD6232 /* DetalleTareaViewController.swift */,
				B43D23BA27A4723D00CD6232 /* DetalleTareaViewController.xib */,
				B43D23CD27A4745400CD6232 /* DetalleTareaViewCoordinator.swift */,
			);
			path = DetalleTareaView;
			sourceTree = "<group>";
		};
		B43D23D327A48A3700CD6232 /* Utils+Helpers */ = {
			isa = PBXGroup;
			children = (
				B43D23D427A48A4C00CD6232 /* Utils.swift */,
			);
			path = "Utils+Helpers";
			sourceTree = "<group>";
		};
		B4D1181327A33DF10087F60C = {
			isa = PBXGroup;
			children = (
				B4D1181E27A33DF10087F60C /* MiTaskVersion3.0 */,
				B4D1181D27A33DF10087F60C /* Products */,
			);
			sourceTree = "<group>";
		};
		B4D1181D27A33DF10087F60C /* Products */ = {
			isa = PBXGroup;
			children = (
				B4D1181C27A33DF10087F60C /* MiTaskVersion3.0.app */,
			);
			name = Products;
			sourceTree = "<group>";
		};
		B4D1181E27A33DF10087F60C /* MiTaskVersion3.0 */ = {
			isa = PBXGroup;
			children = (
				B43D23D327A48A3700CD6232 /* Utils+Helpers */,
				B43D239227A4710E00CD6232 /* Sources */,
				B43D238B27A46B1800CD6232 /* Resources */,
				B43D238A27A46B1200CD6232 /* Models */,
				B43D238527A468CA00CD6232 /* CoreApp */,
				B4D1182827A33DF30087F60C /* Assets.xcassets */,
				B4D1182A27A33DF30087F60C /* LaunchScreen.storyboard */,
				B4D1182D27A33DF30087F60C /* Info.plist */,
			);
			path = MiTaskVersion3.0;
			sourceTree = "<group>";
		};
/* End PBXGroup section */

/* Begin PBXNativeTarget section */
		B4D1181B27A33DF10087F60C /* MiTaskVersion3.0 */ = {
			isa = PBXNativeTarget;
			buildConfigurationList = B4D1183027A33DF30087F60C /* Build configuration list for PBXNativeTarget "MiTaskVersion3.0" */;
			buildPhases = (
				B4D1181827A33DF10087F60C /* Sources */,
				B4D1181927A33DF10087F60C /* Frameworks */,
				B4D1181A27A33DF10087F60C /* Resources */,
			);
			buildRules = (
			);
			dependencies = (
			);
			name = MiTaskVersion3.0;
			productName = MiTaskVersion3.0;
			productReference = B4D1181C27A33DF10087F60C /* MiTaskVersion3.0.app */;
			productType = "com.apple.product-type.application";
		};
/* End PBXNativeTarget section */

/* Begin PBXProject section */
		B4D1181427A33DF10087F60C /* Project object */ = {
			isa = PBXProject;
			attributes = {
				LastSwiftUpdateCheck = 1240;
				LastUpgradeCheck = 1240;
				TargetAttributes = {
					B4D1181B27A33DF10087F60C = {
						CreatedOnToolsVersion = 12.4;
					};
				};
			};
			buildConfigurationList = B4D1181727A33DF10087F60C /* Build configuration list for PBXProject "MiTaskVersion3.0" */;
			compatibilityVersion = "Xcode 9.3";
			developmentRegion = en;
			hasScannedForEncodings = 0;
			knownRegions = (
				en,
				Base,
			);
			mainGroup = B4D1181327A33DF10087F60C;
			productRefGroup = B4D1181D27A33DF10087F60C /* Products */;
			projectDirPath = "";
			projectRoot = "";
			targets = (
				B4D1181B27A33DF10087F60C /* MiTaskVersion3.0 */,
			);
		};
/* End PBXProject section */

/* Begin PBXResourcesBuildPhase section */
		B4D1181A27A33DF10087F60C /* Resources */ = {
			isa = PBXResourcesBuildPhase;
			buildActionMask = 2147483647;
			files = (
				B43D239D27A471A000CD6232 /* LoginViewController.xib in Resources */,
				B43D23AC27A4720100CD6232 /* NuevaTareaViewController.xib in Resources */,
				B43D23BC27A4723D00CD6232 /* DetalleTareaViewController.xib in Resources */,
				B43D23B127A4721200CD6232 /* CategoriaViewController.xib in Resources */,
				B41EF3B027A8667400A28382 /* ContactosCell.xib in Resources */,
				B43D23A727A471EF00CD6232 /* ContactosViewController.xib in Resources */,
				B41EF3C027A87EEA00A28382 /* PerfilCell.xib in Resources */,
				B43D23B627A4722700CD6232 /* ListaTareasViewController.xib in Resources */,
				B4D1182C27A33DF30087F60C /* LaunchScreen.storyboard in Resources */,
				B43D238D27A46B6400CD6232 /* contacts.json in Resources */,
				B41EF3B627A87B3500A28382 /* DetalleContactoViewController.xib in Resources */,
				B4D1182927A33DF30087F60C /* Assets.xcassets in Resources */,
				B43D23A227A471C500CD6232 /* HomeTabBarViewController.xib in Resources */,
			);
			runOnlyForDeploymentPostprocessing = 0;
		};
/* End PBXResourcesBuildPhase section */

/* Begin PBXSourcesBuildPhase section */
		B4D1181827A33DF10087F60C /* Sources */ = {
			isa = PBXSourcesBuildPhase;
			buildActionMask = 2147483647;
			files = (
				B43D23D127A4750C00CD6232 /* HomeTabBarViewCoordinator.swift in Sources */,
				B43D239C27A471A000CD6232 /* LoginViewController.swift in Sources */,
				B43D23A627A471EF00CD6232 /* ContactosViewController.swift in Sources */,
				B41EF3AA27A85E6100A28382 /* ContactosServerModel.swift in Sources */,
				B41EF3AF27A8667400A28382 /* ContactosCell.swift in Sources */,
				B43D23C227A473AF00CD6232 /* ContactosViewCordinator.swift in Sources */,
				B43D23C827A4740F00CD6232 /* CategoriaViewCoordinator.swift in Sources */,
				B43D23CB27A4743400CD6232 /* ListaTareasViewCoordinator.swift in Sources */,
				B43D239027A46B9700CD6232 /* TaskModel.swift in Sources */,
				B43D23C527A473F000CD6232 /* NuevaTareaViewCoordinator.swift in Sources */,
				B43D23BF27A472FD00CD6232 /* LoginViewCoordinator.swift in Sources */,
				B4D1182027A33DF10087F60C /* AppDelegate.swift in Sources */,
				B43D23CE27A4745400CD6232 /* DetalleTareaViewCoordinator.swift in Sources */,
				B43D23D527A48A4C00CD6232 /* Utils.swift in Sources */,
				B41EF3B527A87B3500A28382 /* DetalleContactoViewController.swift in Sources */,
				B43D23AB27A4720100CD6232 /* NuevaTareaViewController.swift in Sources */,
				B43D238827A468E000CD6232 /* AppCoreCoordinator.swift in Sources */,
				B43D23B027A4721200CD6232 /* CategoriaViewController.swift in Sources */,
				B41EF3BA27A87B4B00A28382 /* DetalleContactoCoordinator.swift in Sources */,
				B43D23B527A4722700CD6232 /* ListaTareasViewController.swift in Sources */,
				B43D23BB27A4723D00CD6232 /* DetalleTareaViewController.swift in Sources */,
				B43D23A127A471C500CD6232 /* HomeTabBarViewController.swift in Sources */,
				B41EF3BF27A87EEA00A28382 /* PerfilCell.swift in Sources */,
			);
			runOnlyForDeploymentPostprocessing = 0;
		};
/* End PBXSourcesBuildPhase section */

/* Begin PBXVariantGroup section */
		B4D1182A27A33DF30087F60C /* LaunchScreen.storyboard */ = {
			isa = PBXVariantGroup;
			children = (
				B4D1182B27A33DF30087F60C /* Base */,
			);
			name = LaunchScreen.storyboard;
			sourceTree = "<group>";
		};
/* End PBXVariantGroup section */

/* Begin XCBuildConfiguration section */
		B4D1182E27A33DF30087F60C /* Debug */ = {
			isa = XCBuildConfiguration;
			buildSettings = {
				ALWAYS_SEARCH_USER_PATHS = NO;
				CLANG_ANALYZER_NONNULL = YES;
				CLANG_ANALYZER_NUMBER_OBJECT_CONVERSION = YES_AGGRESSIVE;
				CLANG_CXX_LANGUAGE_STANDARD = "gnu++14";
				CLANG_CXX_LIBRARY = "libc++";
				CLANG_ENABLE_MODULES = YES;
				CLANG_ENABLE_OBJC_ARC = YES;
				CLANG_ENABLE_OBJC_WEAK = YES;
				CLANG_WARN_BLOCK_CAPTURE_AUTORELEASING = YES;
				CLANG_WARN_BOOL_CONVERSION = YES;
				CLANG_WARN_COMMA = YES;
				CLANG_WARN_CONSTANT_CONVERSION = YES;
				CLANG_WARN_DEPRECATED_OBJC_IMPLEMENTATIONS = YES;
				CLANG_WARN_DIRECT_OBJC_ISA_USAGE = YES_ERROR;
				CLANG_WARN_DOCUMENTATION_COMMENTS = YES;
				CLANG_WARN_EMPTY_BODY = YES;
				CLANG_WARN_ENUM_CONVERSION = YES;
				CLANG_WARN_INFINITE_RECURSION = YES;
				CLANG_WARN_INT_CONVERSION = YES;
				CLANG_WARN_NON_LITERAL_NULL_CONVERSION = YES;
				CLANG_WARN_OBJC_IMPLICIT_RETAIN_SELF = YES;
				CLANG_WARN_OBJC_LITERAL_CONVERSION = YES;
				CLANG_WARN_OBJC_ROOT_CLASS = YES_ERROR;
				CLANG_WARN_QUOTED_INCLUDE_IN_FRAMEWORK_HEADER = YES;
				CLANG_WARN_RANGE_LOOP_ANALYSIS = YES;
				CLANG_WARN_STRICT_PROTOTYPES = YES;
				CLANG_WARN_SUSPICIOUS_MOVE = YES;
				CLANG_WARN_UNGUARDED_AVAILABILITY = YES_AGGRESSIVE;
				CLANG_WARN_UNREACHABLE_CODE = YES;
				CLANG_WARN__DUPLICATE_METHOD_MATCH = YES;
				COPY_PHASE_STRIP = NO;
				DEBUG_INFORMATION_FORMAT = dwarf;
				ENABLE_STRICT_OBJC_MSGSEND = YES;
				ENABLE_TESTABILITY = YES;
				GCC_C_LANGUAGE_STANDARD = gnu11;
				GCC_DYNAMIC_NO_PIC = NO;
				GCC_NO_COMMON_BLOCKS = YES;
				GCC_OPTIMIZATION_LEVEL = 0;
				GCC_PREPROCESSOR_DEFINITIONS = (
					"DEBUG=1",
					"$(inherited)",
				);
				GCC_WARN_64_TO_32_BIT_CONVERSION = YES;
				GCC_WARN_ABOUT_RETURN_TYPE = YES_ERROR;
				GCC_WARN_UNDECLARED_SELECTOR = YES;
				GCC_WARN_UNINITIALIZED_AUTOS = YES_AGGRESSIVE;
				GCC_WARN_UNUSED_FUNCTION = YES;
				GCC_WARN_UNUSED_VARIABLE = YES;
				IPHONEOS_DEPLOYMENT_TARGET = 14.4;
				MTL_ENABLE_DEBUG_INFO = INCLUDE_SOURCE;
				MTL_FAST_MATH = YES;
				ONLY_ACTIVE_ARCH = YES;
				SDKROOT = iphoneos;
				SWIFT_ACTIVE_COMPILATION_CONDITIONS = DEBUG;
				SWIFT_OPTIMIZATION_LEVEL = "-Onone";
			};
			name = Debug;
		};
		B4D1182F27A33DF30087F60C /* Release */ = {
			isa = XCBuildConfiguration;
			buildSettings = {
				ALWAYS_SEARCH_USER_PATHS = NO;
				CLANG_ANALYZER_NONNULL = YES;
				CLANG_ANALYZER_NUMBER_OBJECT_CONVERSION = YES_AGGRESSIVE;
				CLANG_CXX_LANGUAGE_STANDARD = "gnu++14";
				CLANG_CXX_LIBRARY = "libc++";
				CLANG_ENABLE_MODULES = YES;
				CLANG_ENABLE_OBJC_ARC = YES;
				CLANG_ENABLE_OBJC_WEAK = YES;
				CLANG_WARN_BLOCK_CAPTURE_AUTORELEASING = YES;
				CLANG_WARN_BOOL_CONVERSION = YES;
				CLANG_WARN_COMMA = YES;
				CLANG_WARN_CONSTANT_CONVERSION = YES;
				CLANG_WARN_DEPRECATED_OBJC_IMPLEMENTATIONS = YES;
				CLANG_WARN_DIRECT_OBJC_ISA_USAGE = YES_ERROR;
				CLANG_WARN_DOCUMENTATION_COMMENTS = YES;
				CLANG_WARN_EMPTY_BODY = YES;
				CLANG_WARN_ENUM_CONVERSION = YES;
				CLANG_WARN_INFINITE_RECURSION = YES;
				CLANG_WARN_INT_CONVERSION = YES;
				CLANG_WARN_NON_LITERAL_NULL_CONVERSION = YES;
				CLANG_WARN_OBJC_IMPLICIT_RETAIN_SELF = YES;
				CLANG_WARN_OBJC_LITERAL_CONVERSION = YES;
				CLANG_WARN_OBJC_ROOT_CLASS = YES_ERROR;
				CLANG_WARN_QUOTED_INCLUDE_IN_FRAMEWORK_HEADER = YES;
				CLANG_WARN_RANGE_LOOP_ANALYSIS = YES;
				CLANG_WARN_STRICT_PROTOTYPES = YES;
				CLANG_WARN_SUSPICIOUS_MOVE = YES;
				CLANG_WARN_UNGUARDED_AVAILABILITY = YES_AGGRESSIVE;
				CLANG_WARN_UNREACHABLE_CODE = YES;
				CLANG_WARN__DUPLICATE_METHOD_MATCH = YES;
				COPY_PHASE_STRIP = NO;
				DEBUG_INFORMATION_FORMAT = "dwarf-with-dsym";
				ENABLE_NS_ASSERTIONS = NO;
				ENABLE_STRICT_OBJC_MSGSEND = YES;
				GCC_C_LANGUAGE_STANDARD = gnu11;
				GCC_NO_COMMON_BLOCKS = YES;
				GCC_WARN_64_TO_32_BIT_CONVERSION = YES;
				GCC_WARN_ABOUT_RETURN_TYPE = YES_ERROR;
				GCC_WARN_UNDECLARED_SELECTOR = YES;
				GCC_WARN_UNINITIALIZED_AUTOS = YES_AGGRESSIVE;
				GCC_WARN_UNUSED_FUNCTION = YES;
				GCC_WARN_UNUSED_VARIABLE = YES;
				IPHONEOS_DEPLOYMENT_TARGET = 14.4;
				MTL_ENABLE_DEBUG_INFO = NO;
				MTL_FAST_MATH = YES;
				SDKROOT = iphoneos;
				SWIFT_COMPILATION_MODE = wholemodule;
				SWIFT_OPTIMIZATION_LEVEL = "-O";
				VALIDATE_PRODUCT = YES;
			};
			name = Release;
		};
		B4D1183127A33DF30087F60C /* Debug */ = {
			isa = XCBuildConfiguration;
			buildSettings = {
				ASSETCATALOG_COMPILER_APPICON_NAME = AppIcon;
				ASSETCATALOG_COMPILER_GLOBAL_ACCENT_COLOR_NAME = AccentColor;
				CODE_SIGN_STYLE = Automatic;
				DEVELOPMENT_TEAM = 2C7W4RF846;
				INFOPLIST_FILE = MiTaskVersion3.0/Info.plist;
				LD_RUNPATH_SEARCH_PATHS = (
					"$(inherited)",
					"@executable_path/Frameworks",
				);
				PRODUCT_BUNDLE_IDENTIFIER = "com.cice.education.Tecnologia.iOS.MiTaskVersion3-0";
				PRODUCT_NAME = "$(TARGET_NAME)";
				SWIFT_VERSION = 5.0;
				TARGETED_DEVICE_FAMILY = 1;
			};
			name = Debug;
		};
		B4D1183227A33DF30087F60C /* Release */ = {
			isa = XCBuildConfiguration;
			buildSettings = {
				ASSETCATALOG_COMPILER_APPICON_NAME = AppIcon;
				ASSETCATALOG_COMPILER_GLOBAL_ACCENT_COLOR_NAME = AccentColor;
				CODE_SIGN_STYLE = Automatic;
				DEVELOPMENT_TEAM = 2C7W4RF846;
				INFOPLIST_FILE = MiTaskVersion3.0/Info.plist;
				LD_RUNPATH_SEARCH_PATHS = (
					"$(inherited)",
					"@executable_path/Frameworks",
				);
				PRODUCT_BUNDLE_IDENTIFIER = "com.cice.education.Tecnologia.iOS.MiTaskVersion3-0";
				PRODUCT_NAME = "$(TARGET_NAME)";
				SWIFT_VERSION = 5.0;
				TARGETED_DEVICE_FAMILY = 1;
			};
			name = Release;
		};
/* End XCBuildConfiguration section */

/* Begin XCConfigurationList section */
		B4D1181727A33DF10087F60C /* Build configuration list for PBXProject "MiTaskVersion3.0" */ = {
			isa = XCConfigurationList;
			buildConfigurations = (
				B4D1182E27A33DF30087F60C /* Debug */,
				B4D1182F27A33DF30087F60C /* Release */,
			);
			defaultConfigurationIsVisible = 0;
			defaultConfigurationName = Release;
		};
		B4D1183027A33DF30087F60C /* Build configuration list for PBXNativeTarget "MiTaskVersion3.0" */ = {
			isa = XCConfigurationList;
			buildConfigurations = (
				B4D1183127A33DF30087F60C /* Debug */,
				B4D1183227A33DF30087F60C /* Release */,
			);
			defaultConfigurationIsVisible = 0;
			defaultConfigurationName = Release;
		};
/* End XCConfigurationList section */
	};
	rootObject = B4D1181427A33DF10087F60C /* Project object */;
}
