// !$*UTF8*$!
{
	archiveVersion = 1;
	classes = {
	};
	objectVersion = 50;
	objects = {

/* Begin PBXBuildFile section */
		B43D238827A468E000CD6232 /* AppCoreCoordinator.swift in Sources */ = {isa = PBXBuildFile; fileRef = B43D238727A468DF00CD6232 /* AppCoreCoordinator.swift */; };
		B43D238D27A46B6400CD6232 /* contacts.json in Resources */ = {isa = PBXBuildFile; fileRef = B43D238C27A46B6400CD6232 /* contacts.json */; };
		B43D239027A46B9700CD6232 /* TaskModel.swift in Sources */ = {isa = PBXBuildFile; fileRef = B43D238F27A46B9700CD6232 /* TaskModel.swift */; };
		B4D1182027A33DF10087F60C /* AppDelegate.swift in Sources */ = {isa = PBXBuildFile; fileRef = B4D1181F27A33DF10087F60C /* AppDelegate.swift */; };
		B4D1182927A33DF30087F60C /* Assets.xcassets in Resources */ = {isa = PBXBuildFile; fileRef = B4D1182827A33DF30087F60C /* Assets.xcassets */; };
		B4D1182C27A33DF30087F60C /* LaunchScreen.storyboard in Resources */ = {isa = PBXBuildFile; fileRef = B4D1182A27A33DF30087F60C /* LaunchScreen.storyboard */; };
/* End PBXBuildFile section */

/* Begin PBXFileReference section */
		B43D238727A468DF00CD6232 /* AppCoreCoordinator.swift */ = {isa = PBXFileReference; lastKnownFileType = sourcecode.swift; path = AppCoreCoordinator.swift; sourceTree = "<group>"; };
		B43D238C27A46B6400CD6232 /* contacts.json */ = {isa = PBXFileReference; fileEncoding = 4; lastKnownFileType = text.json; path = contacts.json; sourceTree = "<group>"; };
		B43D238F27A46B9700CD6232 /* TaskModel.swift */ = {isa = PBXFileReference; fileEncoding = 4; lastKnownFileType = sourcecode.swift; path = TaskModel.swift; sourceTree = "<group>"; };
		B4D1181C27A33DF10087F60C /* MiTaskVersion3.0.app */ = {isa = PBXFileReference; explicitFileType = wrapper.application; includeInIndex = 0; path = MiTaskVersion3.0.app; sourceTree = BUILT_PRODUCTS_DIR; };
		B4D1181F27A33DF10087F60C /* AppDelegate.swift */ = {isa = PBXFileReference; lastKnownFileType = sourcecode.swift; path = AppDelegate.swift; sourceTree = "<group>"; };
		B4D1182827A33DF30087F60C /* Assets.xcassets */ = {isa = PBXFileReference; lastKnownFileType = folder.assetcatalog; path = Assets.xcassets; sourceTree = "<group>"; };
		B4D1182B27A33DF30087F60C /* Base */ = {isa = PBXFileReference; lastKnownFileType = file.storyboard; name = Base; path = Base.lproj/LaunchScreen.storyboard; sourceTree = "<group>"; };
		B4D1182D27A33DF30087F60C /* Info.plist */ = {isa = PBXFileReference; lastKnownFileType = text.plist.xml; path = Info.plist; sourceTree = "<group>"; };
/* End PBXFileReference section */

/* Begin PBXFrameworksBuildPhase section */
		B4D1181927A33DF10087F60C /* Frameworks */ = {
			isa = PBXFrameworksBuildPhase;
			buildActionMask = 2147483647;
			files = (
			);
			runOnlyForDeploymentPostprocessing = 0;
		};
/* End PBXFrameworksBuildPhase section */

/* Begin PBXGroup section */
		B43D238527A468CA00CD6232 /* CoreApp */ = {
			isa = PBXGroup;
			children = (
				B4D1181F27A33DF10087F60C /* AppDelegate.swift */,
				B43D238727A468DF00CD6232 /* AppCoreCoordinator.swift */,
			);
			path = CoreApp;
			sourceTree = "<group>";
		};
		B43D238A27A46B1200CD6232 /* Models */ = {
			isa = PBXGroup;
			children = (
				B43D238F27A46B9700CD6232 /* TaskModel.swift */,
			);
			path = Models;
			sourceTree = "<group>";
		};
		B43D238B27A46B1800CD6232 /* Resources */ = {
			isa = PBXGroup;
			children = (
				B43D238C27A46B6400CD6232 /* contacts.json */,
			);
			path = Resources;
			sourceTree = "<group>";
		};
		B4D1181327A33DF10087F60C = {
			isa = PBXGroup;
			children = (
				B4D1181E27A33DF10087F60C /* MiTaskVersion3.0 */,
				B4D1181D27A33DF10087F60C /* Products */,
			);
			sourceTree = "<group>";
		};
		B4D1181D27A33DF10087F60C /* Products */ = {
			isa = PBXGroup;
			children = (
				B4D1181C27A33DF10087F60C /* MiTaskVersion3.0.app */,
			);
			name = Products;
			sourceTree = "<group>";
		};
		B4D1181E27A33DF10087F60C /* MiTaskVersion3.0 */ = {
			isa = PBXGroup;
			children = (
				B43D238B27A46B1800CD6232 /* Resources */,
				B43D238A27A46B1200CD6232 /* Models */,
				B43D238527A468CA00CD6232 /* CoreApp */,
				B4D1182827A33DF30087F60C /* Assets.xcassets */,
				B4D1182A27A33DF30087F60C /* LaunchScreen.storyboard */,
				B4D1182D27A33DF30087F60C /* Info.plist */,
			);
			path = MiTaskVersion3.0;
			sourceTree = "<group>";
		};
/* End PBXGroup section */

/* Begin PBXNativeTarget section */
		B4D1181B27A33DF10087F60C /* MiTaskVersion3.0 */ = {
			isa = PBXNativeTarget;
			buildConfigurationList = B4D1183027A33DF30087F60C /* Build configuration list for PBXNativeTarget "MiTaskVersion3.0" */;
			buildPhases = (
				B4D1181827A33DF10087F60C /* Sources */,
				B4D1181927A33DF10087F60C /* Frameworks */,
				B4D1181A27A33DF10087F60C /* Resources */,
			);
			buildRules = (
			);
			dependencies = (
			);
			name = MiTaskVersion3.0;
			productName = MiTaskVersion3.0;
			productReference = B4D1181C27A33DF10087F60C /* MiTaskVersion3.0.app */;
			productType = "com.apple.product-type.application";
		};
/* End PBXNativeTarget section */

/* Begin PBXProject section */
		B4D1181427A33DF10087F60C /* Project object */ = {
			isa = PBXProject;
			attributes = {
				LastSwiftUpdateCheck = 1240;
				LastUpgradeCheck = 1240;
				TargetAttributes = {
					B4D1181B27A33DF10087F60C = {
						CreatedOnToolsVersion = 12.4;
					};
				};
			};
			buildConfigurationList = B4D1181727A33DF10087F60C /* Build configuration list for PBXProject "MiTaskVersion3.0" */;
			compatibilityVersion = "Xcode 9.3";
			developmentRegion = en;
			hasScannedForEncodings = 0;
			knownRegions = (
				en,
				Base,
			);
			mainGroup = B4D1181327A33DF10087F60C;
			productRefGroup = B4D1181D27A33DF10087F60C /* Products */;
			projectDirPath = "";
			projectRoot = "";
			targets = (
				B4D1181B27A33DF10087F60C /* MiTaskVersion3.0 */,
			);
		};
/* End PBXProject section */

/* Begin PBXResourcesBuildPhase section */
		B4D1181A27A33DF10087F60C /* Resources */ = {
			isa = PBXResourcesBuildPhase;
			buildActionMask = 2147483647;
			files = (
				B4D1182C27A33DF30087F60C /* LaunchScreen.storyboard in Resources */,
				B43D238D27A46B6400CD6232 /* contacts.json in Resources */,
				B4D1182927A33DF30087F60C /* Assets.xcassets in Resources */,
			);
			runOnlyForDeploymentPostprocessing = 0;
		};
/* End PBXResourcesBuildPhase section */

/* Begin PBXSourcesBuildPhase section */
		B4D1181827A33DF10087F60C /* Sources */ = {
			isa = PBXSourcesBuildPhase;
			buildActionMask = 2147483647;
			files = (
				B43D239027A46B9700CD6232 /* TaskModel.swift in Sources */,
				B4D1182027A33DF10087F60C /* AppDelegate.swift in Sources */,
				B43D238827A468E000CD6232 /* AppCoreCoordinator.swift in Sources */,
			);
			runOnlyForDeploymentPostprocessing = 0;
		};
/* End PBXSourcesBuildPhase section */

/* Begin PBXVariantGroup section */
		B4D1182A27A33DF30087F60C /* LaunchScreen.storyboard */ = {
			isa = PBXVariantGroup;
			children = (
				B4D1182B27A33DF30087F60C /* Base */,
			);
			name = LaunchScreen.storyboard;
			sourceTree = "<group>";
		};
/* End PBXVariantGroup section */

/* Begin XCBuildConfiguration section */
		B4D1182E27A33DF30087F60C /* Debug */ = {
			isa = XCBuildConfiguration;
			buildSettings = {
				ALWAYS_SEARCH_USER_PATHS = NO;
				CLANG_ANALYZER_NONNULL = YES;
				CLANG_ANALYZER_NUMBER_OBJECT_CONVERSION = YES_AGGRESSIVE;
				CLANG_CXX_LANGUAGE_STANDARD = "gnu++14";
				CLANG_CXX_LIBRARY = "libc++";
				CLANG_ENABLE_MODULES = YES;
				CLANG_ENABLE_OBJC_ARC = YES;
				CLANG_ENABLE_OBJC_WEAK = YES;
				CLANG_WARN_BLOCK_CAPTURE_AUTORELEASING = YES;
				CLANG_WARN_BOOL_CONVERSION = YES;
				CLANG_WARN_COMMA = YES;
				CLANG_WARN_CONSTANT_CONVERSION = YES;
				CLANG_WARN_DEPRECATED_OBJC_IMPLEMENTATIONS = YES;
				CLANG_WARN_DIRECT_OBJC_ISA_USAGE = YES_ERROR;
				CLANG_WARN_DOCUMENTATION_COMMENTS = YES;
				CLANG_WARN_EMPTY_BODY = YES;
				CLANG_WARN_ENUM_CONVERSION = YES;
				CLANG_WARN_INFINITE_RECURSION = YES;
				CLANG_WARN_INT_CONVERSION = YES;
				CLANG_WARN_NON_LITERAL_NULL_CONVERSION = YES;
				CLANG_WARN_OBJC_IMPLICIT_RETAIN_SELF = YES;
				CLANG_WARN_OBJC_LITERAL_CONVERSION = YES;
				CLANG_WARN_OBJC_ROOT_CLASS = YES_ERROR;
				CLANG_WARN_QUOTED_INCLUDE_IN_FRAMEWORK_HEADER = YES;
				CLANG_WARN_RANGE_LOOP_ANALYSIS = YES;
				CLANG_WARN_STRICT_PROTOTYPES = YES;
				CLANG_WARN_SUSPICIOUS_MOVE = YES;
				CLANG_WARN_UNGUARDED_AVAILABILITY = YES_AGGRESSIVE;
				CLANG_WARN_UNREACHABLE_CODE = YES;
				CLANG_WARN__DUPLICATE_METHOD_MATCH = YES;
				COPY_PHASE_STRIP = NO;
				DEBUG_INFORMATION_FORMAT = dwarf;
				ENABLE_STRICT_OBJC_MSGSEND = YES;
				ENABLE_TESTABILITY = YES;
				GCC_C_LANGUAGE_STANDARD = gnu11;
				GCC_DYNAMIC_NO_PIC = NO;
				GCC_NO_COMMON_BLOCKS = YES;
				GCC_OPTIMIZATION_LEVEL = 0;
				GCC_PREPROCESSOR_DEFINITIONS = (
					"DEBUG=1",
					"$(inherited)",
				);
				GCC_WARN_64_TO_32_BIT_CONVERSION = YES;
				GCC_WARN_ABOUT_RETURN_TYPE = YES_ERROR;
				GCC_WARN_UNDECLARED_SELECTOR = YES;
				GCC_WARN_UNINITIALIZED_AUTOS = YES_AGGRESSIVE;
				GCC_WARN_UNUSED_FUNCTION = YES;
				GCC_WARN_UNUSED_VARIABLE = YES;
				IPHONEOS_DEPLOYMENT_TARGET = 14.4;
				MTL_ENABLE_DEBUG_INFO = INCLUDE_SOURCE;
				MTL_FAST_MATH = YES;
				ONLY_ACTIVE_ARCH = YES;
				SDKROOT = iphoneos;
				SWIFT_ACTIVE_COMPILATION_CONDITIONS = DEBUG;
				SWIFT_OPTIMIZATION_LEVEL = "-Onone";
			};
			name = Debug;
		};
		B4D1182F27A33DF30087F60C /* Release */ = {
			isa = XCBuildConfiguration;
			buildSettings = {
				ALWAYS_SEARCH_USER_PATHS = NO;
				CLANG_ANALYZER_NONNULL = YES;
				CLANG_ANALYZER_NUMBER_OBJECT_CONVERSION = YES_AGGRESSIVE;
				CLANG_CXX_LANGUAGE_STANDARD = "gnu++14";
				CLANG_CXX_LIBRARY = "libc++";
				CLANG_ENABLE_MODULES = YES;
				CLANG_ENABLE_OBJC_ARC = YES;
				CLANG_ENABLE_OBJC_WEAK = YES;
				CLANG_WARN_BLOCK_CAPTURE_AUTORELEASING = YES;
				CLANG_WARN_BOOL_CONVERSION = YES;
				CLANG_WARN_COMMA = YES;
				CLANG_WARN_CONSTANT_CONVERSION = YES;
				CLANG_WARN_DEPRECATED_OBJC_IMPLEMENTATIONS = YES;
				CLANG_WARN_DIRECT_OBJC_ISA_USAGE = YES_ERROR;
				CLANG_WARN_DOCUMENTATION_COMMENTS = YES;
				CLANG_WARN_EMPTY_BODY = YES;
				CLANG_WARN_ENUM_CONVERSION = YES;
				CLANG_WARN_INFINITE_RECURSION = YES;
				CLANG_WARN_INT_CONVERSION = YES;
				CLANG_WARN_NON_LITERAL_NULL_CONVERSION = YES;
				CLANG_WARN_OBJC_IMPLICIT_RETAIN_SELF = YES;
				CLANG_WARN_OBJC_LITERAL_CONVERSION = YES;
				CLANG_WARN_OBJC_ROOT_CLASS = YES_ERROR;
				CLANG_WARN_QUOTED_INCLUDE_IN_FRAMEWORK_HEADER = YES;
				CLANG_WARN_RANGE_LOOP_ANALYSIS = YES;
				CLANG_WARN_STRICT_PROTOTYPES = YES;
				CLANG_WARN_SUSPICIOUS_MOVE = YES;
				CLANG_WARN_UNGUARDED_AVAILABILITY = YES_AGGRESSIVE;
				CLANG_WARN_UNREACHABLE_CODE = YES;
				CLANG_WARN__DUPLICATE_METHOD_MATCH = YES;
				COPY_PHASE_STRIP = NO;
				DEBUG_INFORMATION_FORMAT = "dwarf-with-dsym";
				ENABLE_NS_ASSERTIONS = NO;
				ENABLE_STRICT_OBJC_MSGSEND = YES;
				GCC_C_LANGUAGE_STANDARD = gnu11;
				GCC_NO_COMMON_BLOCKS = YES;
				GCC_WARN_64_TO_32_BIT_CONVERSION = YES;
				GCC_WARN_ABOUT_RETURN_TYPE = YES_ERROR;
				GCC_WARN_UNDECLARED_SELECTOR = YES;
				GCC_WARN_UNINITIALIZED_AUTOS = YES_AGGRESSIVE;
				GCC_WARN_UNUSED_FUNCTION = YES;
				GCC_WARN_UNUSED_VARIABLE = YES;
				IPHONEOS_DEPLOYMENT_TARGET = 14.4;
				MTL_ENABLE_DEBUG_INFO = NO;
				MTL_FAST_MATH = YES;
				SDKROOT = iphoneos;
				SWIFT_COMPILATION_MODE = wholemodule;
				SWIFT_OPTIMIZATION_LEVEL = "-O";
				VALIDATE_PRODUCT = YES;
			};
			name = Release;
		};
		B4D1183127A33DF30087F60C /* Debug */ = {
			isa = XCBuildConfiguration;
			buildSettings = {
				ASSETCATALOG_COMPILER_APPICON_NAME = AppIcon;
				ASSETCATALOG_COMPILER_GLOBAL_ACCENT_COLOR_NAME = AccentColor;
				CODE_SIGN_STYLE = Automatic;
				DEVELOPMENT_TEAM = 2C7W4RF846;
				INFOPLIST_FILE = MiTaskVersion3.0/Info.plist;
				LD_RUNPATH_SEARCH_PATHS = (
					"$(inherited)",
					"@executable_path/Frameworks",
				);
				PRODUCT_BUNDLE_IDENTIFIER = "com.cice.education.Tecnologia.iOS.MiTaskVersion3-0";
				PRODUCT_NAME = "$(TARGET_NAME)";
				SWIFT_VERSION = 5.0;
				TARGETED_DEVICE_FAMILY = 1;
			};
			name = Debug;
		};
		B4D1183227A33DF30087F60C /* Release */ = {
			isa = XCBuildConfiguration;
			buildSettings = {
				ASSETCATALOG_COMPILER_APPICON_NAME = AppIcon;
				ASSETCATALOG_COMPILER_GLOBAL_ACCENT_COLOR_NAME = AccentColor;
				CODE_SIGN_STYLE = Automatic;
				DEVELOPMENT_TEAM = 2C7W4RF846;
				INFOPLIST_FILE = MiTaskVersion3.0/Info.plist;
				LD_RUNPATH_SEARCH_PATHS = (
					"$(inherited)",
					"@executable_path/Frameworks",
				);
				PRODUCT_BUNDLE_IDENTIFIER = "com.cice.education.Tecnologia.iOS.MiTaskVersion3-0";
				PRODUCT_NAME = "$(TARGET_NAME)";
				SWIFT_VERSION = 5.0;
				TARGETED_DEVICE_FAMILY = 1;
			};
			name = Release;
		};
/* End XCBuildConfiguration section */

/* Begin XCConfigurationList section */
		B4D1181727A33DF10087F60C /* Build configuration list for PBXProject "MiTaskVersion3.0" */ = {
			isa = XCConfigurationList;
			buildConfigurations = (
				B4D1182E27A33DF30087F60C /* Debug */,
				B4D1182F27A33DF30087F60C /* Release */,
			);
			defaultConfigurationIsVisible = 0;
			defaultConfigurationName = Release;
		};
		B4D1183027A33DF30087F60C /* Build configuration list for PBXNativeTarget "MiTaskVersion3.0" */ = {
			isa = XCConfigurationList;
			buildConfigurations = (
				B4D1183127A33DF30087F60C /* Debug */,
				B4D1183227A33DF30087F60C /* Release */,
			);
			defaultConfigurationIsVisible = 0;
			defaultConfigurationName = Release;
		};
/* End XCConfigurationList section */
	};
	rootObject = B4D1181427A33DF10087F60C /* Project object */;
}
