// !$*UTF8*$!
{
	archiveVersion = 1;
	classes = {
	};
	objectVersion = 50;
	objects = {

/* Begin PBXBuildFile section */
		B4010CC6279F23840080774D /* AppDelegate.swift in Sources */ = {isa = PBXBuildFile; fileRef = B4010CC5279F23840080774D /* AppDelegate.swift */; };
		B4010CCF279F23860080774D /* Assets.xcassets in Resources */ = {isa = PBXBuildFile; fileRef = B4010CCE279F23860080774D /* Assets.xcassets */; };
		B4010CD2279F23860080774D /* LaunchScreen.storyboard in Resources */ = {isa = PBXBuildFile; fileRef = B4010CD0279F23860080774D /* LaunchScreen.storyboard */; };
		B4010CE0279F25850080774D /* AppCoordinator.swift in Sources */ = {isa = PBXBuildFile; fileRef = B4010CDF279F25850080774D /* AppCoordinator.swift */; };
		B4010CE7279F29D10080774D /* ListaCochesViewController.swift in Sources */ = {isa = PBXBuildFile; fileRef = B4010CE5279F29D10080774D /* ListaCochesViewController.swift */; };
		B4010CE8279F29D10080774D /* ListaCochesViewController.xib in Resources */ = {isa = PBXBuildFile; fileRef = B4010CE6279F29D10080774D /* ListaCochesViewController.xib */; };
		B4010CEB279F2A310080774D /* ListaCochesCoordinator.swift in Sources */ = {isa = PBXBuildFile; fileRef = B4010CEA279F2A310080774D /* ListaCochesCoordinator.swift */; };
		B4010CF0279F2DBE0080774D /* MesesCell.swift in Sources */ = {isa = PBXBuildFile; fileRef = B4010CEE279F2DBD0080774D /* MesesCell.swift */; };
		B4010CF1279F2DBE0080774D /* MesesCell.xib in Resources */ = {isa = PBXBuildFile; fileRef = B4010CEF279F2DBE0080774D /* MesesCell.xib */; };
		B4010CF5279F3B730080774D /* Utils.swift in Sources */ = {isa = PBXBuildFile; fileRef = B4010CF4279F3B730080774D /* Utils.swift */; };
		B4010CFA279F3E560080774D /* ListSuperCochesViewController.swift in Sources */ = {isa = PBXBuildFile; fileRef = B4010CF8279F3E560080774D /* ListSuperCochesViewController.swift */; };
		B4010CFB279F3E560080774D /* ListSuperCochesViewController.xib in Resources */ = {isa = PBXBuildFile; fileRef = B4010CF9279F3E560080774D /* ListSuperCochesViewController.xib */; };
		B4010CFF279F3E6C0080774D /* ListSuperCochesCoordinator.swift in Sources */ = {isa = PBXBuildFile; fileRef = B4010CFE279F3E6C0080774D /* ListSuperCochesCoordinator.swift */; };
		B4010D04279F3FB20080774D /* HometabBarViewController.swift in Sources */ = {isa = PBXBuildFile; fileRef = B4010D02279F3FB20080774D /* HometabBarViewController.swift */; };
		B4010D05279F3FB20080774D /* HometabBarViewController.xib in Resources */ = {isa = PBXBuildFile; fileRef = B4010D03279F3FB20080774D /* HometabBarViewController.xib */; };
		B4010D09279F3FCF0080774D /* HometabBarCoordinator.swift in Sources */ = {isa = PBXBuildFile; fileRef = B4010D08279F3FCF0080774D /* HometabBarCoordinator.swift */; };
		B4010D0D279F45060080774D /* CochesModel.swift in Sources */ = {isa = PBXBuildFile; fileRef = B4010D0C279F45060080774D /* CochesModel.swift */; };
		B4010D12279F49420080774D /* CochesCell.swift in Sources */ = {isa = PBXBuildFile; fileRef = B4010D10279F49420080774D /* CochesCell.swift */; };
		B4010D13279F49420080774D /* CochesCell.xib in Resources */ = {isa = PBXBuildFile; fileRef = B4010D11279F49420080774D /* CochesCell.xib */; };
		B46744AC27A07D9D004A398C /* ListaPerfilPostViewController.swift in Sources */ = {isa = PBXBuildFile; fileRef = B46744AA27A07D9D004A398C /* ListaPerfilPostViewController.swift */; };
		B46744AD27A07D9D004A398C /* ListaPerfilPostViewController.xib in Resources */ = {isa = PBXBuildFile; fileRef = B46744AB27A07D9D004A398C /* ListaPerfilPostViewController.xib */; };
		B46744B027A07F76004A398C /* ListaPerfilPostCoordinator.swift in Sources */ = {isa = PBXBuildFile; fileRef = B46744AF27A07F75004A398C /* ListaPerfilPostCoordinator.swift */; };
		B46744B527A083B1004A398C /* PerfilCell.swift in Sources */ = {isa = PBXBuildFile; fileRef = B46744B327A083B1004A398C /* PerfilCell.swift */; };
		B46744B627A083B1004A398C /* PerfilCell.xib in Resources */ = {isa = PBXBuildFile; fileRef = B46744B427A083B1004A398C /* PerfilCell.xib */; };
		B46744BA27A083C5004A398C /* PostCell.swift in Sources */ = {isa = PBXBuildFile; fileRef = B46744B827A083C5004A398C /* PostCell.swift */; };
		B46744BB27A083C5004A398C /* PostCell.xib in Resources */ = {isa = PBXBuildFile; fileRef = B46744B927A083C5004A398C /* PostCell.xib */; };
		B46744BE27A083F4004A398C /* UserDataModel.swift in Sources */ = {isa = PBXBuildFile; fileRef = B46744BD27A083F4004A398C /* UserDataModel.swift */; };
/* End PBXBuildFile section */

/* Begin PBXFileReference section */
		B4010CC2279F23830080774D /* MiAppIntroduccionTableView.app */ = {isa = PBXFileReference; explicitFileType = wrapper.application; includeInIndex = 0; path = MiAppIntroduccionTableView.app; sourceTree = BUILT_PRODUCTS_DIR; };
		B4010CC5279F23840080774D /* AppDelegate.swift */ = {isa = PBXFileReference; lastKnownFileType = sourcecode.swift; path = AppDelegate.swift; sourceTree = "<group>"; };
		B4010CCE279F23860080774D /* Assets.xcassets */ = {isa = PBXFileReference; lastKnownFileType = folder.assetcatalog; path = Assets.xcassets; sourceTree = "<group>"; };
		B4010CD1279F23860080774D /* Base */ = {isa = PBXFileReference; lastKnownFileType = file.storyboard; name = Base; path = Base.lproj/LaunchScreen.storyboard; sourceTree = "<group>"; };
		B4010CD3279F23860080774D /* Info.plist */ = {isa = PBXFileReference; lastKnownFileType = text.plist.xml; path = Info.plist; sourceTree = "<group>"; };
		B4010CDF279F25850080774D /* AppCoordinator.swift */ = {isa = PBXFileReference; lastKnownFileType = sourcecode.swift; path = AppCoordinator.swift; sourceTree = "<group>"; };
		B4010CE5279F29D10080774D /* ListaCochesViewController.swift */ = {isa = PBXFileReference; lastKnownFileType = sourcecode.swift; path = ListaCochesViewController.swift; sourceTree = "<group>"; };
		B4010CE6279F29D10080774D /* ListaCochesViewController.xib */ = {isa = PBXFileReference; lastKnownFileType = file.xib; path = ListaCochesViewController.xib; sourceTree = "<group>"; };
		B4010CEA279F2A310080774D /* ListaCochesCoordinator.swift */ = {isa = PBXFileReference; lastKnownFileType = sourcecode.swift; path = ListaCochesCoordinator.swift; sourceTree = "<group>"; };
		B4010CEE279F2DBD0080774D /* MesesCell.swift */ = {isa = PBXFileReference; lastKnownFileType = sourcecode.swift; path = MesesCell.swift; sourceTree = "<group>"; };
		B4010CEF279F2DBE0080774D /* MesesCell.xib */ = {isa = PBXFileReference; lastKnownFileType = file.xib; path = MesesCell.xib; sourceTree = "<group>"; };
		B4010CF4279F3B730080774D /* Utils.swift */ = {isa = PBXFileReference; lastKnownFileType = sourcecode.swift; path = Utils.swift; sourceTree = "<group>"; };
		B4010CF8279F3E560080774D /* ListSuperCochesViewController.swift */ = {isa = PBXFileReference; lastKnownFileType = sourcecode.swift; path = ListSuperCochesViewController.swift; sourceTree = "<group>"; };
		B4010CF9279F3E560080774D /* ListSuperCochesViewController.xib */ = {isa = PBXFileReference; lastKnownFileType = file.xib; path = ListSuperCochesViewController.xib; sourceTree = "<group>"; };
		B4010CFE279F3E6C0080774D /* ListSuperCochesCoordinator.swift */ = {isa = PBXFileReference; lastKnownFileType = sourcecode.swift; path = ListSuperCochesCoordinator.swift; sourceTree = "<group>"; };
		B4010D02279F3FB20080774D /* HometabBarViewController.swift */ = {isa = PBXFileReference; lastKnownFileType = sourcecode.swift; path = HometabBarViewController.swift; sourceTree = "<group>"; };
		B4010D03279F3FB20080774D /* HometabBarViewController.xib */ = {isa = PBXFileReference; lastKnownFileType = file.xib; path = HometabBarViewController.xib; sourceTree = "<group>"; };
		B4010D08279F3FCF0080774D /* HometabBarCoordinator.swift */ = {isa = PBXFileReference; lastKnownFileType = sourcecode.swift; path = HometabBarCoordinator.swift; sourceTree = "<group>"; };
		B4010D0C279F45060080774D /* CochesModel.swift */ = {isa = PBXFileReference; lastKnownFileType = sourcecode.swift; path = CochesModel.swift; sourceTree = "<group>"; };
		B4010D10279F49420080774D /* CochesCell.swift */ = {isa = PBXFileReference; lastKnownFileType = sourcecode.swift; path = CochesCell.swift; sourceTree = "<group>"; };
		B4010D11279F49420080774D /* CochesCell.xib */ = {isa = PBXFileReference; lastKnownFileType = file.xib; path = CochesCell.xib; sourceTree = "<group>"; };
		B46744AA27A07D9D004A398C /* ListaPerfilPostViewController.swift */ = {isa = PBXFileReference; lastKnownFileType = sourcecode.swift; path = ListaPerfilPostViewController.swift; sourceTree = "<group>"; };
		B46744AB27A07D9D004A398C /* ListaPerfilPostViewController.xib */ = {isa = PBXFileReference; lastKnownFileType = file.xib; path = ListaPerfilPostViewController.xib; sourceTree = "<group>"; };
		B46744AF27A07F75004A398C /* ListaPerfilPostCoordinator.swift */ = {isa = PBXFileReference; lastKnownFileType = sourcecode.swift; path = ListaPerfilPostCoordinator.swift; sourceTree = "<group>"; };
		B46744B327A083B1004A398C /* PerfilCell.swift */ = {isa = PBXFileReference; lastKnownFileType = sourcecode.swift; path = PerfilCell.swift; sourceTree = "<group>"; };
		B46744B427A083B1004A398C /* PerfilCell.xib */ = {isa = PBXFileReference; lastKnownFileType = file.xib; path = PerfilCell.xib; sourceTree = "<group>"; };
		B46744B827A083C5004A398C /* PostCell.swift */ = {isa = PBXFileReference; lastKnownFileType = sourcecode.swift; path = PostCell.swift; sourceTree = "<group>"; };
		B46744B927A083C5004A398C /* PostCell.xib */ = {isa = PBXFileReference; lastKnownFileType = file.xib; path = PostCell.xib; sourceTree = "<group>"; };
		B46744BD27A083F4004A398C /* UserDataModel.swift */ = {isa = PBXFileReference; lastKnownFileType = sourcecode.swift; path = UserDataModel.swift; sourceTree = "<group>"; };
/* End PBXFileReference section */

/* Begin PBXFrameworksBuildPhase section */
		B4010CBF279F23830080774D /* Frameworks */ = {
			isa = PBXFrameworksBuildPhase;
			buildActionMask = 2147483647;
			files = (
			);
			runOnlyForDeploymentPostprocessing = 0;
		};
/* End PBXFrameworksBuildPhase section */

/* Begin PBXGroup section */
		B4010CB9279F23830080774D = {
			isa = PBXGroup;
			children = (
				B4010CC4279F23830080774D /* MiAppIntroduccionTableView */,
				B4010CC3279F23830080774D /* Products */,
			);
			sourceTree = "<group>";
		};
		B4010CC3279F23830080774D /* Products */ = {
			isa = PBXGroup;
			children = (
				B4010CC2279F23830080774D /* MiAppIntroduccionTableView.app */,
			);
			name = Products;
			sourceTree = "<group>";
		};
		B4010CC4279F23830080774D /* MiAppIntroduccionTableView */ = {
			isa = PBXGroup;
			children = (
				B4010D0B279F44EB0080774D /* Models */,
				B4010CF3279F3B640080774D /* Uitls+Helpers */,
				B4010CE2279F28F10080774D /* Sources */,
				B4010CDE279F25680080774D /* CoreApp */,
				B4010CCE279F23860080774D /* Assets.xcassets */,
				B4010CD0279F23860080774D /* LaunchScreen.storyboard */,
				B4010CD3279F23860080774D /* Info.plist */,
			);
			path = MiAppIntroduccionTableView;
			sourceTree = "<group>";
		};
		B4010CDE279F25680080774D /* CoreApp */ = {
			isa = PBXGroup;
			children = (
				B4010CC5279F23840080774D /* AppDelegate.swift */,
				B4010CDF279F25850080774D /* AppCoordinator.swift */,
			);
			path = CoreApp;
			sourceTree = "<group>";
		};
		B4010CE2279F28F10080774D /* Sources */ = {
			isa = PBXGroup;
			children = (
				B4010CE3279F28FD0080774D /* Modules */,
			);
			path = Sources;
			sourceTree = "<group>";
		};
		B4010CE3279F28FD0080774D /* Modules */ = {
			isa = PBXGroup;
			children = (
				B46744A927A07D5B004A398C /* ListaPerfilPostView */,
				B4010D01279F3F8A0080774D /* HomeTabBarView */,
				B4010CF7279F3E310080774D /* ListaSuperCochesView */,
				B4010CE4279F29090080774D /* ListaCochesView */,
			);
			path = Modules;
			sourceTree = "<group>";
		};
		B4010CE4279F29090080774D /* ListaCochesView */ = {
			isa = PBXGroup;
			children = (
				B4010CED279F2D740080774D /* Cell */,
				B4010CE5279F29D10080774D /* ListaCochesViewController.swift */,
				B4010CE6279F29D10080774D /* ListaCochesViewController.xib */,
				B4010CEA279F2A310080774D /* ListaCochesCoordinator.swift */,
			);
			path = ListaCochesView;
			sourceTree = "<group>";
		};
		B4010CED279F2D740080774D /* Cell */ = {
			isa = PBXGroup;
			children = (
				B4010CEE279F2DBD0080774D /* MesesCell.swift */,
				B4010CEF279F2DBE0080774D /* MesesCell.xib */,
			);
			path = Cell;
			sourceTree = "<group>";
		};
		B4010CF3279F3B640080774D /* Uitls+Helpers */ = {
			isa = PBXGroup;
			children = (
				B4010CF4279F3B730080774D /* Utils.swift */,
			);
			path = "Uitls+Helpers";
			sourceTree = "<group>";
		};
		B4010CF7279F3E310080774D /* ListaSuperCochesView */ = {
			isa = PBXGroup;
			children = (
				B4010D0F279F49200080774D /* Cell */,
				B4010CF8279F3E560080774D /* ListSuperCochesViewController.swift */,
				B4010CF9279F3E560080774D /* ListSuperCochesViewController.xib */,
				B4010CFE279F3E6C0080774D /* ListSuperCochesCoordinator.swift */,
			);
			path = ListaSuperCochesView;
			sourceTree = "<group>";
		};
		B4010D01279F3F8A0080774D /* HomeTabBarView */ = {
			isa = PBXGroup;
			children = (
				B4010D02279F3FB20080774D /* HometabBarViewController.swift */,
				B4010D03279F3FB20080774D /* HometabBarViewController.xib */,
				B4010D08279F3FCF0080774D /* HometabBarCoordinator.swift */,
			);
			path = HomeTabBarView;
			sourceTree = "<group>";
		};
		B4010D0B279F44EB0080774D /* Models */ = {
			isa = PBXGroup;
			children = (
				B4010D0C279F45060080774D /* CochesModel.swift */,
				B46744BD27A083F4004A398C /* UserDataModel.swift */,
			);
			path = Models;
			sourceTree = "<group>";
		};
		B4010D0F279F49200080774D /* Cell */ = {
			isa = PBXGroup;
			children = (
				B4010D10279F49420080774D /* CochesCell.swift */,
				B4010D11279F49420080774D /* CochesCell.xib */,
			);
			path = Cell;
			sourceTree = "<group>";
		};
		B46744A927A07D5B004A398C /* ListaPerfilPostView */ = {
			isa = PBXGroup;
			children = (
				B46744B227A08181004A398C /* Cell */,
				B46744AA27A07D9D004A398C /* ListaPerfilPostViewController.swift */,
				B46744AB27A07D9D004A398C /* ListaPerfilPostViewController.xib */,
				B46744AF27A07F75004A398C /* ListaPerfilPostCoordinator.swift */,
			);
			path = ListaPerfilPostView;
			sourceTree = "<group>";
		};
		B46744B227A08181004A398C /* Cell */ = {
			isa = PBXGroup;
			children = (
				B46744B327A083B1004A398C /* PerfilCell.swift */,
				B46744B427A083B1004A398C /* PerfilCell.xib */,
				B46744B827A083C5004A398C /* PostCell.swift */,
				B46744B927A083C5004A398C /* PostCell.xib */,
			);
			path = Cell;
			sourceTree = "<group>";
		};
/* End PBXGroup section */

/* Begin PBXNativeTarget section */
		B4010CC1279F23830080774D /* MiAppIntroduccionTableView */ = {
			isa = PBXNativeTarget;
			buildConfigurationList = B4010CD6279F23860080774D /* Build configuration list for PBXNativeTarget "MiAppIntroduccionTableView" */;
			buildPhases = (
				B4010CBE279F23830080774D /* Sources */,
				B4010CBF279F23830080774D /* Frameworks */,
				B4010CC0279F23830080774D /* Resources */,
			);
			buildRules = (
			);
			dependencies = (
			);
			name = MiAppIntroduccionTableView;
			productName = MiAppIntroduccionTableView;
			productReference = B4010CC2279F23830080774D /* MiAppIntroduccionTableView.app */;
			productType = "com.apple.product-type.application";
		};
/* End PBXNativeTarget section */

/* Begin PBXProject section */
		B4010CBA279F23830080774D /* Project object */ = {
			isa = PBXProject;
			attributes = {
				LastSwiftUpdateCheck = 1240;
				LastUpgradeCheck = 1240;
				TargetAttributes = {
					B4010CC1279F23830080774D = {
						CreatedOnToolsVersion = 12.4;
					};
				};
			};
			buildConfigurationList = B4010CBD279F23830080774D /* Build configuration list for PBXProject "MiAppIntroduccionTableView" */;
			compatibilityVersion = "Xcode 9.3";
			developmentRegion = en;
			hasScannedForEncodings = 0;
			knownRegions = (
				en,
				Base,
			);
			mainGroup = B4010CB9279F23830080774D;
			productRefGroup = B4010CC3279F23830080774D /* Products */;
			projectDirPath = "";
			projectRoot = "";
			targets = (
				B4010CC1279F23830080774D /* MiAppIntroduccionTableView */,
			);
		};
/* End PBXProject section */

/* Begin PBXResourcesBuildPhase section */
		B4010CC0279F23830080774D /* Resources */ = {
			isa = PBXResourcesBuildPhase;
			buildActionMask = 2147483647;
			files = (
				B4010CD2279F23860080774D /* LaunchScreen.storyboard in Resources */,
				B4010D05279F3FB20080774D /* HometabBarViewController.xib in Resources */,
				B46744AD27A07D9D004A398C /* ListaPerfilPostViewController.xib in Resources */,
				B4010CFB279F3E560080774D /* ListSuperCochesViewController.xib in Resources */,
				B4010D13279F49420080774D /* CochesCell.xib in Resources */,
				B4010CE8279F29D10080774D /* ListaCochesViewController.xib in Resources */,
				B4010CCF279F23860080774D /* Assets.xcassets in Resources */,
				B46744BB27A083C5004A398C /* PostCell.xib in Resources */,
				B46744B627A083B1004A398C /* PerfilCell.xib in Resources */,
				B4010CF1279F2DBE0080774D /* MesesCell.xib in Resources */,
			);
			runOnlyForDeploymentPostprocessing = 0;
		};
/* End PBXResourcesBuildPhase section */

/* Begin PBXSourcesBuildPhase section */
		B4010CBE279F23830080774D /* Sources */ = {
			isa = PBXSourcesBuildPhase;
			buildActionMask = 2147483647;
			files = (
				B4010D12279F49420080774D /* CochesCell.swift in Sources */,
				B4010CF0279F2DBE0080774D /* MesesCell.swift in Sources */,
				B4010CE0279F25850080774D /* AppCoordinator.swift in Sources */,
				B4010CEB279F2A310080774D /* ListaCochesCoordinator.swift in Sources */,
				B46744B027A07F76004A398C /* ListaPerfilPostCoordinator.swift in Sources */,
				B4010D0D279F45060080774D /* CochesModel.swift in Sources */,
				B46744AC27A07D9D004A398C /* ListaPerfilPostViewController.swift in Sources */,
				B4010CFA279F3E560080774D /* ListSuperCochesViewController.swift in Sources */,
				B4010CE7279F29D10080774D /* ListaCochesViewController.swift in Sources */,
				B4010D04279F3FB20080774D /* HometabBarViewController.swift in Sources */,
				B4010CC6279F23840080774D /* AppDelegate.swift in Sources */,
				B4010D09279F3FCF0080774D /* HometabBarCoordinator.swift in Sources */,
				B4010CFF279F3E6C0080774D /* ListSuperCochesCoordinator.swift in Sources */,
				B46744B527A083B1004A398C /* PerfilCell.swift in Sources */,
				B4010CF5279F3B730080774D /* Utils.swift in Sources */,
				B46744BA27A083C5004A398C /* PostCell.swift in Sources */,
				B46744BE27A083F4004A398C /* UserDataModel.swift in Sources */,
			);
			runOnlyForDeploymentPostprocessing = 0;
		};
/* End PBXSourcesBuildPhase section */

/* Begin PBXVariantGroup section */
		B4010CD0279F23860080774D /* LaunchScreen.storyboard */ = {
			isa = PBXVariantGroup;
			children = (
				B4010CD1279F23860080774D /* Base */,
			);
			name = LaunchScreen.storyboard;
			sourceTree = "<group>";
		};
/* End PBXVariantGroup section */

/* Begin XCBuildConfiguration section */
		B4010CD4279F23860080774D /* Debug */ = {
			isa = XCBuildConfiguration;
			buildSettings = {
				ALWAYS_SEARCH_USER_PATHS = NO;
				CLANG_ANALYZER_NONNULL = YES;
				CLANG_ANALYZER_NUMBER_OBJECT_CONVERSION = YES_AGGRESSIVE;
				CLANG_CXX_LANGUAGE_STANDARD = "gnu++14";
				CLANG_CXX_LIBRARY = "libc++";
				CLANG_ENABLE_MODULES = YES;
				CLANG_ENABLE_OBJC_ARC = YES;
				CLANG_ENABLE_OBJC_WEAK = YES;
				CLANG_WARN_BLOCK_CAPTURE_AUTORELEASING = YES;
				CLANG_WARN_BOOL_CONVERSION = YES;
				CLANG_WARN_COMMA = YES;
				CLANG_WARN_CONSTANT_CONVERSION = YES;
				CLANG_WARN_DEPRECATED_OBJC_IMPLEMENTATIONS = YES;
				CLANG_WARN_DIRECT_OBJC_ISA_USAGE = YES_ERROR;
				CLANG_WARN_DOCUMENTATION_COMMENTS = YES;
				CLANG_WARN_EMPTY_BODY = YES;
				CLANG_WARN_ENUM_CONVERSION = YES;
				CLANG_WARN_INFINITE_RECURSION = YES;
				CLANG_WARN_INT_CONVERSION = YES;
				CLANG_WARN_NON_LITERAL_NULL_CONVERSION = YES;
				CLANG_WARN_OBJC_IMPLICIT_RETAIN_SELF = YES;
				CLANG_WARN_OBJC_LITERAL_CONVERSION = YES;
				CLANG_WARN_OBJC_ROOT_CLASS = YES_ERROR;
				CLANG_WARN_QUOTED_INCLUDE_IN_FRAMEWORK_HEADER = YES;
				CLANG_WARN_RANGE_LOOP_ANALYSIS = YES;
				CLANG_WARN_STRICT_PROTOTYPES = YES;
				CLANG_WARN_SUSPICIOUS_MOVE = YES;
				CLANG_WARN_UNGUARDED_AVAILABILITY = YES_AGGRESSIVE;
				CLANG_WARN_UNREACHABLE_CODE = YES;
				CLANG_WARN__DUPLICATE_METHOD_MATCH = YES;
				COPY_PHASE_STRIP = NO;
				DEBUG_INFORMATION_FORMAT = dwarf;
				ENABLE_STRICT_OBJC_MSGSEND = YES;
				ENABLE_TESTABILITY = YES;
				GCC_C_LANGUAGE_STANDARD = gnu11;
				GCC_DYNAMIC_NO_PIC = NO;
				GCC_NO_COMMON_BLOCKS = YES;
				GCC_OPTIMIZATION_LEVEL = 0;
				GCC_PREPROCESSOR_DEFINITIONS = (
					"DEBUG=1",
					"$(inherited)",
				);
				GCC_WARN_64_TO_32_BIT_CONVERSION = YES;
				GCC_WARN_ABOUT_RETURN_TYPE = YES_ERROR;
				GCC_WARN_UNDECLARED_SELECTOR = YES;
				GCC_WARN_UNINITIALIZED_AUTOS = YES_AGGRESSIVE;
				GCC_WARN_UNUSED_FUNCTION = YES;
				GCC_WARN_UNUSED_VARIABLE = YES;
				IPHONEOS_DEPLOYMENT_TARGET = 14.4;
				MTL_ENABLE_DEBUG_INFO = INCLUDE_SOURCE;
				MTL_FAST_MATH = YES;
				ONLY_ACTIVE_ARCH = YES;
				SDKROOT = iphoneos;
				SWIFT_ACTIVE_COMPILATION_CONDITIONS = DEBUG;
				SWIFT_OPTIMIZATION_LEVEL = "-Onone";
			};
			name = Debug;
		};
		B4010CD5279F23860080774D /* Release */ = {
			isa = XCBuildConfiguration;
			buildSettings = {
				ALWAYS_SEARCH_USER_PATHS = NO;
				CLANG_ANALYZER_NONNULL = YES;
				CLANG_ANALYZER_NUMBER_OBJECT_CONVERSION = YES_AGGRESSIVE;
				CLANG_CXX_LANGUAGE_STANDARD = "gnu++14";
				CLANG_CXX_LIBRARY = "libc++";
				CLANG_ENABLE_MODULES = YES;
				CLANG_ENABLE_OBJC_ARC = YES;
				CLANG_ENABLE_OBJC_WEAK = YES;
				CLANG_WARN_BLOCK_CAPTURE_AUTORELEASING = YES;
				CLANG_WARN_BOOL_CONVERSION = YES;
				CLANG_WARN_COMMA = YES;
				CLANG_WARN_CONSTANT_CONVERSION = YES;
				CLANG_WARN_DEPRECATED_OBJC_IMPLEMENTATIONS = YES;
				CLANG_WARN_DIRECT_OBJC_ISA_USAGE = YES_ERROR;
				CLANG_WARN_DOCUMENTATION_COMMENTS = YES;
				CLANG_WARN_EMPTY_BODY = YES;
				CLANG_WARN_ENUM_CONVERSION = YES;
				CLANG_WARN_INFINITE_RECURSION = YES;
				CLANG_WARN_INT_CONVERSION = YES;
				CLANG_WARN_NON_LITERAL_NULL_CONVERSION = YES;
				CLANG_WARN_OBJC_IMPLICIT_RETAIN_SELF = YES;
				CLANG_WARN_OBJC_LITERAL_CONVERSION = YES;
				CLANG_WARN_OBJC_ROOT_CLASS = YES_ERROR;
				CLANG_WARN_QUOTED_INCLUDE_IN_FRAMEWORK_HEADER = YES;
				CLANG_WARN_RANGE_LOOP_ANALYSIS = YES;
				CLANG_WARN_STRICT_PROTOTYPES = YES;
				CLANG_WARN_SUSPICIOUS_MOVE = YES;
				CLANG_WARN_UNGUARDED_AVAILABILITY = YES_AGGRESSIVE;
				CLANG_WARN_UNREACHABLE_CODE = YES;
				CLANG_WARN__DUPLICATE_METHOD_MATCH = YES;
				COPY_PHASE_STRIP = NO;
				DEBUG_INFORMATION_FORMAT = "dwarf-with-dsym";
				ENABLE_NS_ASSERTIONS = NO;
				ENABLE_STRICT_OBJC_MSGSEND = YES;
				GCC_C_LANGUAGE_STANDARD = gnu11;
				GCC_NO_COMMON_BLOCKS = YES;
				GCC_WARN_64_TO_32_BIT_CONVERSION = YES;
				GCC_WARN_ABOUT_RETURN_TYPE = YES_ERROR;
				GCC_WARN_UNDECLARED_SELECTOR = YES;
				GCC_WARN_UNINITIALIZED_AUTOS = YES_AGGRESSIVE;
				GCC_WARN_UNUSED_FUNCTION = YES;
				GCC_WARN_UNUSED_VARIABLE = YES;
				IPHONEOS_DEPLOYMENT_TARGET = 14.4;
				MTL_ENABLE_DEBUG_INFO = NO;
				MTL_FAST_MATH = YES;
				SDKROOT = iphoneos;
				SWIFT_COMPILATION_MODE = wholemodule;
				SWIFT_OPTIMIZATION_LEVEL = "-O";
				VALIDATE_PRODUCT = YES;
			};
			name = Release;
		};
		B4010CD7279F23860080774D /* Debug */ = {
			isa = XCBuildConfiguration;
			buildSettings = {
				ASSETCATALOG_COMPILER_APPICON_NAME = AppIcon;
				ASSETCATALOG_COMPILER_GLOBAL_ACCENT_COLOR_NAME = AccentColor;
				CODE_SIGN_STYLE = Automatic;
				DEVELOPMENT_TEAM = 2C7W4RF846;
				INFOPLIST_FILE = MiAppIntroduccionTableView/Info.plist;
				LD_RUNPATH_SEARCH_PATHS = (
					"$(inherited)",
					"@executable_path/Frameworks",
				);
				PRODUCT_BUNDLE_IDENTIFIER = com.cice.education.Tecnologia.iOS.MiAppIntroduccionTableView;
				PRODUCT_NAME = "$(TARGET_NAME)";
				SWIFT_VERSION = 5.0;
				TARGETED_DEVICE_FAMILY = 1;
			};
			name = Debug;
		};
		B4010CD8279F23860080774D /* Release */ = {
			isa = XCBuildConfiguration;
			buildSettings = {
				ASSETCATALOG_COMPILER_APPICON_NAME = AppIcon;
				ASSETCATALOG_COMPILER_GLOBAL_ACCENT_COLOR_NAME = AccentColor;
				CODE_SIGN_STYLE = Automatic;
				DEVELOPMENT_TEAM = 2C7W4RF846;
				INFOPLIST_FILE = MiAppIntroduccionTableView/Info.plist;
				LD_RUNPATH_SEARCH_PATHS = (
					"$(inherited)",
					"@executable_path/Frameworks",
				);
				PRODUCT_BUNDLE_IDENTIFIER = com.cice.education.Tecnologia.iOS.MiAppIntroduccionTableView;
				PRODUCT_NAME = "$(TARGET_NAME)";
				SWIFT_VERSION = 5.0;
				TARGETED_DEVICE_FAMILY = 1;
			};
			name = Release;
		};
/* End XCBuildConfiguration section */

/* Begin XCConfigurationList section */
		B4010CBD279F23830080774D /* Build configuration list for PBXProject "MiAppIntroduccionTableView" */ = {
			isa = XCConfigurationList;
			buildConfigurations = (
				B4010CD4279F23860080774D /* Debug */,
				B4010CD5279F23860080774D /* Release */,
			);
			defaultConfigurationIsVisible = 0;
			defaultConfigurationName = Release;
		};
		B4010CD6279F23860080774D /* Build configuration list for PBXNativeTarget "MiAppIntroduccionTableView" */ = {
			isa = XCConfigurationList;
			buildConfigurations = (
				B4010CD7279F23860080774D /* Debug */,
				B4010CD8279F23860080774D /* Release */,
			);
			defaultConfigurationIsVisible = 0;
			defaultConfigurationName = Release;
		};
/* End XCConfigurationList section */
	};
	rootObject = B4010CBA279F23830080774D /* Project object */;
}
