// !$*UTF8*$!
{
	archiveVersion = 1;
	classes = {
	};
	objectVersion = 52;
	objects = {

/* Begin PBXBuildFile section */
		B4226FD927B19DD800DFFD1D /* AppleServerModel.swift in Sources */ = {isa = PBXBuildFile; fileRef = B4226FD827B19DD800DFFD1D /* AppleServerModel.swift */; };
		B43E6E5027B59898009C889B /* AppleGenericDetailViewController.xib in Resources */ = {isa = PBXBuildFile; fileRef = B43E6E4927B59898009C889B /* AppleGenericDetailViewController.xib */; };
		B43E6E5127B59898009C889B /* AppleGenericDetailViewController.swift in Sources */ = {isa = PBXBuildFile; fileRef = B43E6E4A27B59898009C889B /* AppleGenericDetailViewController.swift */; };
		B43E6E5227B59898009C889B /* AppleGenericDetailRouter.swift in Sources */ = {isa = PBXBuildFile; fileRef = B43E6E4B27B59898009C889B /* AppleGenericDetailRouter.swift */; };
		B43E6E5327B59898009C889B /* AppleGenericDetailProvider.swift in Sources */ = {isa = PBXBuildFile; fileRef = B43E6E4C27B59898009C889B /* AppleGenericDetailProvider.swift */; };
		B43E6E5427B59898009C889B /* AppleGenericDetailCoordinator.swift in Sources */ = {isa = PBXBuildFile; fileRef = B43E6E4D27B59898009C889B /* AppleGenericDetailCoordinator.swift */; };
		B43E6E5527B59898009C889B /* AppleGenericDetailPresenter.swift in Sources */ = {isa = PBXBuildFile; fileRef = B43E6E4E27B59898009C889B /* AppleGenericDetailPresenter.swift */; };
		B43E6E5627B59898009C889B /* AppleGenericDetailInteractor.swift in Sources */ = {isa = PBXBuildFile; fileRef = B43E6E4F27B59898009C889B /* AppleGenericDetailInteractor.swift */; };
		B43E6E5927B5AF2B009C889B /* AppServerModel.swift in Sources */ = {isa = PBXBuildFile; fileRef = B43E6E5827B5AF2B009C889B /* AppServerModel.swift */; };
		B485D38D27ADA66300C07C35 /* AppDelegate.swift in Sources */ = {isa = PBXBuildFile; fileRef = B485D38C27ADA66300C07C35 /* AppDelegate.swift */; };
		B485D39627ADA66500C07C35 /* Assets.xcassets in Resources */ = {isa = PBXBuildFile; fileRef = B485D39527ADA66500C07C35 /* Assets.xcassets */; };
		B485D39927ADA66500C07C35 /* LaunchScreen.storyboard in Resources */ = {isa = PBXBuildFile; fileRef = B485D39727ADA66500C07C35 /* LaunchScreen.storyboard */; };
		B485D3A627ADA7B500C07C35 /* AppCoreCoordinator.swift in Sources */ = {isa = PBXBuildFile; fileRef = B485D3A527ADA7B500C07C35 /* AppCoreCoordinator.swift */; };
		B485D3AA27ADA94C00C07C35 /* BaseVIPER.swift in Sources */ = {isa = PBXBuildFile; fileRef = B485D3A927ADA94C00C07C35 /* BaseVIPER.swift */; };
		B485D3B027ADAC0000C07C35 /* SplashViewController.swift in Sources */ = {isa = PBXBuildFile; fileRef = B485D3AE27ADAC0000C07C35 /* SplashViewController.swift */; };
		B485D3B127ADAC0000C07C35 /* SplashViewController.xib in Resources */ = {isa = PBXBuildFile; fileRef = B485D3AF27ADAC0000C07C35 /* SplashViewController.xib */; };
		B485D3B527ADAC5E00C07C35 /* SplashPresenter.swift in Sources */ = {isa = PBXBuildFile; fileRef = B485D3B427ADAC5E00C07C35 /* SplashPresenter.swift */; };
		B485D3B827ADADC700C07C35 /* SplashInteractor.swift in Sources */ = {isa = PBXBuildFile; fileRef = B485D3B727ADADC700C07C35 /* SplashInteractor.swift */; };
		B485D3BB27ADADD600C07C35 /* SplashRouter.swift in Sources */ = {isa = PBXBuildFile; fileRef = B485D3BA27ADADD600C07C35 /* SplashRouter.swift */; };
		B485D3BE27ADB1D000C07C35 /* SplashCoordinator.swift in Sources */ = {isa = PBXBuildFile; fileRef = B485D3BD27ADB1D000C07C35 /* SplashCoordinator.swift */; };
		B485D3C227ADBF5900C07C35 /* NetworkService.swift in Sources */ = {isa = PBXBuildFile; fileRef = B485D3C127ADBF5900C07C35 /* NetworkService.swift */; };
		B485D3C627ADC0A100C07C35 /* NetworkError.swift in Sources */ = {isa = PBXBuildFile; fileRef = B485D3C527ADC0A100C07C35 /* NetworkError.swift */; };
		B485D3CA27ADC13900C07C35 /* Utils.swift in Sources */ = {isa = PBXBuildFile; fileRef = B485D3C927ADC13900C07C35 /* Utils.swift */; };
		B485D3CD27ADC95700C07C35 /* SplashProvider.swift in Sources */ = {isa = PBXBuildFile; fileRef = B485D3CC27ADC95700C07C35 /* SplashProvider.swift */; };
		B48C4B5827B43A92009BB5EE /* Kingfisher in Frameworks */ = {isa = PBXBuildFile; productRef = B48C4B5727B43A92009BB5EE /* Kingfisher */; };
		B48C4B5C27B44B36009BB5EE /* PodcastServerModel.swift in Sources */ = {isa = PBXBuildFile; fileRef = B48C4B5B27B44B36009BB5EE /* PodcastServerModel.swift */; };
		B48C4B6127B45257009BB5EE /* AppleViewModel.swift in Sources */ = {isa = PBXBuildFile; fileRef = B48C4B6027B45257009BB5EE /* AppleViewModel.swift */; };
		B4FDF3A927B2ED4600D3C570 /* MusicViewController.xib in Resources */ = {isa = PBXBuildFile; fileRef = B4FDF3A227B2ED4600D3C570 /* MusicViewController.xib */; };
		B4FDF3AA27B2ED4600D3C570 /* MusicViewController.swift in Sources */ = {isa = PBXBuildFile; fileRef = B4FDF3A327B2ED4600D3C570 /* MusicViewController.swift */; };
		B4FDF3AB27B2ED4600D3C570 /* MusicRouter.swift in Sources */ = {isa = PBXBuildFile; fileRef = B4FDF3A427B2ED4600D3C570 /* MusicRouter.swift */; };
		B4FDF3AC27B2ED4600D3C570 /* MusicProvider.swift in Sources */ = {isa = PBXBuildFile; fileRef = B4FDF3A527B2ED4600D3C570 /* MusicProvider.swift */; };
		B4FDF3AD27B2ED4700D3C570 /* MusicCoordinator.swift in Sources */ = {isa = PBXBuildFile; fileRef = B4FDF3A627B2ED4600D3C570 /* MusicCoordinator.swift */; };
		B4FDF3AE27B2ED4700D3C570 /* MusicPresenter.swift in Sources */ = {isa = PBXBuildFile; fileRef = B4FDF3A727B2ED4600D3C570 /* MusicPresenter.swift */; };
		B4FDF3AF27B2ED4700D3C570 /* MusicInteractor.swift in Sources */ = {isa = PBXBuildFile; fileRef = B4FDF3A827B2ED4600D3C570 /* MusicInteractor.swift */; };
		B4FDF3B827B2ED5900D3C570 /* PodcatsViewController.xib in Resources */ = {isa = PBXBuildFile; fileRef = B4FDF3B127B2ED5900D3C570 /* PodcatsViewController.xib */; };
		B4FDF3B927B2ED5900D3C570 /* PodcatsViewController.swift in Sources */ = {isa = PBXBuildFile; fileRef = B4FDF3B227B2ED5900D3C570 /* PodcatsViewController.swift */; };
		B4FDF3BA27B2ED5900D3C570 /* PodcatsRouter.swift in Sources */ = {isa = PBXBuildFile; fileRef = B4FDF3B327B2ED5900D3C570 /* PodcatsRouter.swift */; };
		B4FDF3BB27B2ED5900D3C570 /* PodcatsProvider.swift in Sources */ = {isa = PBXBuildFile; fileRef = B4FDF3B427B2ED5900D3C570 /* PodcatsProvider.swift */; };
		B4FDF3BC27B2ED5900D3C570 /* PodcatsCoordinator.swift in Sources */ = {isa = PBXBuildFile; fileRef = B4FDF3B527B2ED5900D3C570 /* PodcatsCoordinator.swift */; };
		B4FDF3BD27B2ED5900D3C570 /* PodcatsPresenter.swift in Sources */ = {isa = PBXBuildFile; fileRef = B4FDF3B627B2ED5900D3C570 /* PodcatsPresenter.swift */; };
		B4FDF3BE27B2ED5900D3C570 /* PodcatsInteractor.swift in Sources */ = {isa = PBXBuildFile; fileRef = B4FDF3B727B2ED5900D3C570 /* PodcatsInteractor.swift */; };
		B4FDF3C727B2ED7300D3C570 /* BookViewController.xib in Resources */ = {isa = PBXBuildFile; fileRef = B4FDF3C027B2ED7300D3C570 /* BookViewController.xib */; };
		B4FDF3C827B2ED7300D3C570 /* BookViewController.swift in Sources */ = {isa = PBXBuildFile; fileRef = B4FDF3C127B2ED7300D3C570 /* BookViewController.swift */; };
		B4FDF3C927B2ED7300D3C570 /* BookRouter.swift in Sources */ = {isa = PBXBuildFile; fileRef = B4FDF3C227B2ED7300D3C570 /* BookRouter.swift */; };
		B4FDF3CA27B2ED7300D3C570 /* BookProvider.swift in Sources */ = {isa = PBXBuildFile; fileRef = B4FDF3C327B2ED7300D3C570 /* BookProvider.swift */; };
		B4FDF3CB27B2ED7300D3C570 /* BookCoordinator.swift in Sources */ = {isa = PBXBuildFile; fileRef = B4FDF3C427B2ED7300D3C570 /* BookCoordinator.swift */; };
		B4FDF3CC27B2ED7300D3C570 /* BookPresenter.swift in Sources */ = {isa = PBXBuildFile; fileRef = B4FDF3C527B2ED7300D3C570 /* BookPresenter.swift */; };
		B4FDF3CD27B2ED7300D3C570 /* BookInteractor.swift in Sources */ = {isa = PBXBuildFile; fileRef = B4FDF3C627B2ED7300D3C570 /* BookInteractor.swift */; };
		B4FDF3D127B2F02700D3C570 /* HomeTabBarViewController.swift in Sources */ = {isa = PBXBuildFile; fileRef = B4FDF3CF27B2F02700D3C570 /* HomeTabBarViewController.swift */; };
		B4FDF3D227B2F02700D3C570 /* HomeTabBarViewController.xib in Resources */ = {isa = PBXBuildFile; fileRef = B4FDF3D027B2F02700D3C570 /* HomeTabBarViewController.xib */; };
		B4FDF3D527B2F04200D3C570 /* HomeTabBarCoordinator.swift in Sources */ = {isa = PBXBuildFile; fileRef = B4FDF3D427B2F04200D3C570 /* HomeTabBarCoordinator.swift */; };
		B4FDF3DB27B30D4A00D3C570 /* MusicCell.swift in Sources */ = {isa = PBXBuildFile; fileRef = B4FDF3D927B30D4A00D3C570 /* MusicCell.swift */; };
		B4FDF3DC27B30D4A00D3C570 /* MusicCell.xib in Resources */ = {isa = PBXBuildFile; fileRef = B4FDF3DA27B30D4A00D3C570 /* MusicCell.xib */; };
		F6674D0527BAD6F7007C7D93 /* MenuServerModel.swift in Sources */ = {isa = PBXBuildFile; fileRef = F6674D0427BAD6F7007C7D93 /* MenuServerModel.swift */; };
		F6674D0927BAECBC007C7D93 /* MenuCell.swift in Sources */ = {isa = PBXBuildFile; fileRef = F6674D0727BAECBC007C7D93 /* MenuCell.swift */; };
		F6674D0A27BAECBC007C7D93 /* MenuCell.xib in Resources */ = {isa = PBXBuildFile; fileRef = F6674D0827BAECBC007C7D93 /* MenuCell.xib */; };
		F6674D1327BAF551007C7D93 /* LoginViewController.xib in Resources */ = {isa = PBXBuildFile; fileRef = F6674D0C27BAF551007C7D93 /* LoginViewController.xib */; };
		F6674D1427BAF551007C7D93 /* LoginViewController.swift in Sources */ = {isa = PBXBuildFile; fileRef = F6674D0D27BAF551007C7D93 /* LoginViewController.swift */; };
		F6674D1527BAF551007C7D93 /* LoginRouter.swift in Sources */ = {isa = PBXBuildFile; fileRef = F6674D0E27BAF551007C7D93 /* LoginRouter.swift */; };
		F6674D1627BAF551007C7D93 /* LoginProvider.swift in Sources */ = {isa = PBXBuildFile; fileRef = F6674D0F27BAF551007C7D93 /* LoginProvider.swift */; };
		F6674D1727BAF551007C7D93 /* LoginCoordinator.swift in Sources */ = {isa = PBXBuildFile; fileRef = F6674D1027BAF551007C7D93 /* LoginCoordinator.swift */; };
		F6674D1827BAF551007C7D93 /* LoginPresenter.swift in Sources */ = {isa = PBXBuildFile; fileRef = F6674D1127BAF551007C7D93 /* LoginPresenter.swift */; };
		F6674D1927BAF551007C7D93 /* LoginInteractor.swift in Sources */ = {isa = PBXBuildFile; fileRef = F6674D1227BAF551007C7D93 /* LoginInteractor.swift */; };
		F6FADEA827B6DF8D00C0F225 /* AppsCell.swift in Sources */ = {isa = PBXBuildFile; fileRef = F6FADEA627B6DF8D00C0F225 /* AppsCell.swift */; };
		F6FADEA927B6DF8D00C0F225 /* AppsCell.xib in Resources */ = {isa = PBXBuildFile; fileRef = F6FADEA727B6DF8D00C0F225 /* AppsCell.xib */; };
		F6FADEAE27B6E5B800C0F225 /* SWRevealViewController .m in Sources */ = {isa = PBXBuildFile; fileRef = F6FADEAD27B6E5B800C0F225 /* SWRevealViewController .m */; };
		F6FADEB727B6EF1000C0F225 /* MenuViewController.xib in Resources */ = {isa = PBXBuildFile; fileRef = F6FADEB027B6EF1000C0F225 /* MenuViewController.xib */; };
		F6FADEB827B6EF1000C0F225 /* MenuViewController.swift in Sources */ = {isa = PBXBuildFile; fileRef = F6FADEB127B6EF1000C0F225 /* MenuViewController.swift */; };
		F6FADEB927B6EF1000C0F225 /* MenuRouter.swift in Sources */ = {isa = PBXBuildFile; fileRef = F6FADEB227B6EF1000C0F225 /* MenuRouter.swift */; };
		F6FADEBA27B6EF1000C0F225 /* MenuProvider.swift in Sources */ = {isa = PBXBuildFile; fileRef = F6FADEB327B6EF1000C0F225 /* MenuProvider.swift */; };
		F6FADEBB27B6EF1000C0F225 /* MenuCoordinator.swift in Sources */ = {isa = PBXBuildFile; fileRef = F6FADEB427B6EF1000C0F225 /* MenuCoordinator.swift */; };
		F6FADEBC27B6EF1000C0F225 /* MenuPresenter.swift in Sources */ = {isa = PBXBuildFile; fileRef = F6FADEB527B6EF1000C0F225 /* MenuPresenter.swift */; };
		F6FADEBD27B6EF1000C0F225 /* MenuInteractor.swift in Sources */ = {isa = PBXBuildFile; fileRef = F6FADEB627B6EF1000C0F225 /* MenuInteractor.swift */; };
/* End PBXBuildFile section */

/* Begin PBXFileReference section */
		B4226FD827B19DD800DFFD1D /* AppleServerModel.swift */ = {isa = PBXFileReference; lastKnownFileType = sourcecode.swift; path = AppleServerModel.swift; sourceTree = "<group>"; };
		B43E6E4927B59898009C889B /* AppleGenericDetailViewController.xib */ = {isa = PBXFileReference; lastKnownFileType = file.xib; path = AppleGenericDetailViewController.xib; sourceTree = "<group>"; };
		B43E6E4A27B59898009C889B /* AppleGenericDetailViewController.swift */ = {isa = PBXFileReference; lastKnownFileType = sourcecode.swift; path = AppleGenericDetailViewController.swift; sourceTree = "<group>"; };
		B43E6E4B27B59898009C889B /* AppleGenericDetailRouter.swift */ = {isa = PBXFileReference; lastKnownFileType = sourcecode.swift; path = AppleGenericDetailRouter.swift; sourceTree = "<group>"; };
		B43E6E4C27B59898009C889B /* AppleGenericDetailProvider.swift */ = {isa = PBXFileReference; lastKnownFileType = sourcecode.swift; path = AppleGenericDetailProvider.swift; sourceTree = "<group>"; };
		B43E6E4D27B59898009C889B /* AppleGenericDetailCoordinator.swift */ = {isa = PBXFileReference; lastKnownFileType = sourcecode.swift; path = AppleGenericDetailCoordinator.swift; sourceTree = "<group>"; };
		B43E6E4E27B59898009C889B /* AppleGenericDetailPresenter.swift */ = {isa = PBXFileReference; lastKnownFileType = sourcecode.swift; path = AppleGenericDetailPresenter.swift; sourceTree = "<group>"; };
		B43E6E4F27B59898009C889B /* AppleGenericDetailInteractor.swift */ = {isa = PBXFileReference; lastKnownFileType = sourcecode.swift; path = AppleGenericDetailInteractor.swift; sourceTree = "<group>"; };
		B43E6E5827B5AF2B009C889B /* AppServerModel.swift */ = {isa = PBXFileReference; lastKnownFileType = sourcecode.swift; path = AppServerModel.swift; sourceTree = "<group>"; };
		B485D38927ADA66300C07C35 /* CiceMusic.app */ = {isa = PBXFileReference; explicitFileType = wrapper.application; includeInIndex = 0; path = CiceMusic.app; sourceTree = BUILT_PRODUCTS_DIR; };
		B485D38C27ADA66300C07C35 /* AppDelegate.swift */ = {isa = PBXFileReference; lastKnownFileType = sourcecode.swift; path = AppDelegate.swift; sourceTree = "<group>"; };
		B485D39527ADA66500C07C35 /* Assets.xcassets */ = {isa = PBXFileReference; lastKnownFileType = folder.assetcatalog; path = Assets.xcassets; sourceTree = "<group>"; };
		B485D39827ADA66500C07C35 /* Base */ = {isa = PBXFileReference; lastKnownFileType = file.storyboard; name = Base; path = Base.lproj/LaunchScreen.storyboard; sourceTree = "<group>"; };
		B485D39A27ADA66500C07C35 /* Info.plist */ = {isa = PBXFileReference; lastKnownFileType = text.plist.xml; path = Info.plist; sourceTree = "<group>"; };
		B485D3A527ADA7B500C07C35 /* AppCoreCoordinator.swift */ = {isa = PBXFileReference; lastKnownFileType = sourcecode.swift; path = AppCoreCoordinator.swift; sourceTree = "<group>"; };
		B485D3A927ADA94C00C07C35 /* BaseVIPER.swift */ = {isa = PBXFileReference; lastKnownFileType = sourcecode.swift; path = BaseVIPER.swift; sourceTree = "<group>"; };
		B485D3AE27ADAC0000C07C35 /* SplashViewController.swift */ = {isa = PBXFileReference; lastKnownFileType = sourcecode.swift; path = SplashViewController.swift; sourceTree = "<group>"; };
		B485D3AF27ADAC0000C07C35 /* SplashViewController.xib */ = {isa = PBXFileReference; lastKnownFileType = file.xib; path = SplashViewController.xib; sourceTree = "<group>"; };
		B485D3B427ADAC5E00C07C35 /* SplashPresenter.swift */ = {isa = PBXFileReference; lastKnownFileType = sourcecode.swift; path = SplashPresenter.swift; sourceTree = "<group>"; };
		B485D3B727ADADC700C07C35 /* SplashInteractor.swift */ = {isa = PBXFileReference; lastKnownFileType = sourcecode.swift; path = SplashInteractor.swift; sourceTree = "<group>"; };
		B485D3BA27ADADD600C07C35 /* SplashRouter.swift */ = {isa = PBXFileReference; lastKnownFileType = sourcecode.swift; path = SplashRouter.swift; sourceTree = "<group>"; };
		B485D3BD27ADB1D000C07C35 /* SplashCoordinator.swift */ = {isa = PBXFileReference; lastKnownFileType = sourcecode.swift; path = SplashCoordinator.swift; sourceTree = "<group>"; };
		B485D3C127ADBF5900C07C35 /* NetworkService.swift */ = {isa = PBXFileReference; lastKnownFileType = sourcecode.swift; path = NetworkService.swift; sourceTree = "<group>"; };
		B485D3C527ADC0A100C07C35 /* NetworkError.swift */ = {isa = PBXFileReference; fileEncoding = 4; lastKnownFileType = sourcecode.swift; path = NetworkError.swift; sourceTree = "<group>"; };
		B485D3C927ADC13900C07C35 /* Utils.swift */ = {isa = PBXFileReference; lastKnownFileType = sourcecode.swift; path = Utils.swift; sourceTree = "<group>"; };
		B485D3CC27ADC95700C07C35 /* SplashProvider.swift */ = {isa = PBXFileReference; lastKnownFileType = sourcecode.swift; path = SplashProvider.swift; sourceTree = "<group>"; };
		B48C4B5B27B44B36009BB5EE /* PodcastServerModel.swift */ = {isa = PBXFileReference; lastKnownFileType = sourcecode.swift; path = PodcastServerModel.swift; sourceTree = "<group>"; };
		B48C4B6027B45257009BB5EE /* AppleViewModel.swift */ = {isa = PBXFileReference; lastKnownFileType = sourcecode.swift; path = AppleViewModel.swift; sourceTree = "<group>"; };
		B4FDF3A227B2ED4600D3C570 /* MusicViewController.xib */ = {isa = PBXFileReference; lastKnownFileType = file.xib; path = MusicViewController.xib; sourceTree = "<group>"; };
		B4FDF3A327B2ED4600D3C570 /* MusicViewController.swift */ = {isa = PBXFileReference; lastKnownFileType = sourcecode.swift; path = MusicViewController.swift; sourceTree = "<group>"; };
		B4FDF3A427B2ED4600D3C570 /* MusicRouter.swift */ = {isa = PBXFileReference; lastKnownFileType = sourcecode.swift; path = MusicRouter.swift; sourceTree = "<group>"; };
		B4FDF3A527B2ED4600D3C570 /* MusicProvider.swift */ = {isa = PBXFileReference; lastKnownFileType = sourcecode.swift; path = MusicProvider.swift; sourceTree = "<group>"; };
		B4FDF3A627B2ED4600D3C570 /* MusicCoordinator.swift */ = {isa = PBXFileReference; lastKnownFileType = sourcecode.swift; path = MusicCoordinator.swift; sourceTree = "<group>"; };
		B4FDF3A727B2ED4600D3C570 /* MusicPresenter.swift */ = {isa = PBXFileReference; lastKnownFileType = sourcecode.swift; path = MusicPresenter.swift; sourceTree = "<group>"; };
		B4FDF3A827B2ED4600D3C570 /* MusicInteractor.swift */ = {isa = PBXFileReference; lastKnownFileType = sourcecode.swift; path = MusicInteractor.swift; sourceTree = "<group>"; };
		B4FDF3B127B2ED5900D3C570 /* PodcatsViewController.xib */ = {isa = PBXFileReference; lastKnownFileType = file.xib; path = PodcatsViewController.xib; sourceTree = "<group>"; };
		B4FDF3B227B2ED5900D3C570 /* PodcatsViewController.swift */ = {isa = PBXFileReference; lastKnownFileType = sourcecode.swift; path = PodcatsViewController.swift; sourceTree = "<group>"; };
		B4FDF3B327B2ED5900D3C570 /* PodcatsRouter.swift */ = {isa = PBXFileReference; lastKnownFileType = sourcecode.swift; path = PodcatsRouter.swift; sourceTree = "<group>"; };
		B4FDF3B427B2ED5900D3C570 /* PodcatsProvider.swift */ = {isa = PBXFileReference; lastKnownFileType = sourcecode.swift; path = PodcatsProvider.swift; sourceTree = "<group>"; };
		B4FDF3B527B2ED5900D3C570 /* PodcatsCoordinator.swift */ = {isa = PBXFileReference; lastKnownFileType = sourcecode.swift; path = PodcatsCoordinator.swift; sourceTree = "<group>"; };
		B4FDF3B627B2ED5900D3C570 /* PodcatsPresenter.swift */ = {isa = PBXFileReference; lastKnownFileType = sourcecode.swift; path = PodcatsPresenter.swift; sourceTree = "<group>"; };
		B4FDF3B727B2ED5900D3C570 /* PodcatsInteractor.swift */ = {isa = PBXFileReference; lastKnownFileType = sourcecode.swift; path = PodcatsInteractor.swift; sourceTree = "<group>"; };
		B4FDF3C027B2ED7300D3C570 /* BookViewController.xib */ = {isa = PBXFileReference; lastKnownFileType = file.xib; path = BookViewController.xib; sourceTree = "<group>"; };
		B4FDF3C127B2ED7300D3C570 /* BookViewController.swift */ = {isa = PBXFileReference; lastKnownFileType = sourcecode.swift; path = BookViewController.swift; sourceTree = "<group>"; };
		B4FDF3C227B2ED7300D3C570 /* BookRouter.swift */ = {isa = PBXFileReference; lastKnownFileType = sourcecode.swift; path = BookRouter.swift; sourceTree = "<group>"; };
		B4FDF3C327B2ED7300D3C570 /* BookProvider.swift */ = {isa = PBXFileReference; lastKnownFileType = sourcecode.swift; path = BookProvider.swift; sourceTree = "<group>"; };
		B4FDF3C427B2ED7300D3C570 /* BookCoordinator.swift */ = {isa = PBXFileReference; lastKnownFileType = sourcecode.swift; path = BookCoordinator.swift; sourceTree = "<group>"; };
		B4FDF3C527B2ED7300D3C570 /* BookPresenter.swift */ = {isa = PBXFileReference; lastKnownFileType = sourcecode.swift; path = BookPresenter.swift; sourceTree = "<group>"; };
		B4FDF3C627B2ED7300D3C570 /* BookInteractor.swift */ = {isa = PBXFileReference; lastKnownFileType = sourcecode.swift; path = BookInteractor.swift; sourceTree = "<group>"; };
		B4FDF3CF27B2F02700D3C570 /* HomeTabBarViewController.swift */ = {isa = PBXFileReference; lastKnownFileType = sourcecode.swift; path = HomeTabBarViewController.swift; sourceTree = "<group>"; };
		B4FDF3D027B2F02700D3C570 /* HomeTabBarViewController.xib */ = {isa = PBXFileReference; lastKnownFileType = file.xib; path = HomeTabBarViewController.xib; sourceTree = "<group>"; };
		B4FDF3D427B2F04200D3C570 /* HomeTabBarCoordinator.swift */ = {isa = PBXFileReference; lastKnownFileType = sourcecode.swift; path = HomeTabBarCoordinator.swift; sourceTree = "<group>"; };
		B4FDF3D927B30D4A00D3C570 /* MusicCell.swift */ = {isa = PBXFileReference; lastKnownFileType = sourcecode.swift; path = MusicCell.swift; sourceTree = "<group>"; };
		B4FDF3DA27B30D4A00D3C570 /* MusicCell.xib */ = {isa = PBXFileReference; lastKnownFileType = file.xib; path = MusicCell.xib; sourceTree = "<group>"; };
		F6674D0427BAD6F7007C7D93 /* MenuServerModel.swift */ = {isa = PBXFileReference; lastKnownFileType = sourcecode.swift; path = MenuServerModel.swift; sourceTree = "<group>"; };
		F6674D0727BAECBC007C7D93 /* MenuCell.swift */ = {isa = PBXFileReference; lastKnownFileType = sourcecode.swift; path = MenuCell.swift; sourceTree = "<group>"; };
		F6674D0827BAECBC007C7D93 /* MenuCell.xib */ = {isa = PBXFileReference; lastKnownFileType = file.xib; path = MenuCell.xib; sourceTree = "<group>"; };
		F6674D0C27BAF551007C7D93 /* LoginViewController.xib */ = {isa = PBXFileReference; lastKnownFileType = file.xib; path = LoginViewController.xib; sourceTree = "<group>"; };
		F6674D0D27BAF551007C7D93 /* LoginViewController.swift */ = {isa = PBXFileReference; lastKnownFileType = sourcecode.swift; path = LoginViewController.swift; sourceTree = "<group>"; };
		F6674D0E27BAF551007C7D93 /* LoginRouter.swift */ = {isa = PBXFileReference; lastKnownFileType = sourcecode.swift; path = LoginRouter.swift; sourceTree = "<group>"; };
		F6674D0F27BAF551007C7D93 /* LoginProvider.swift */ = {isa = PBXFileReference; lastKnownFileType = sourcecode.swift; path = LoginProvider.swift; sourceTree = "<group>"; };
		F6674D1027BAF551007C7D93 /* LoginCoordinator.swift */ = {isa = PBXFileReference; lastKnownFileType = sourcecode.swift; path = LoginCoordinator.swift; sourceTree = "<group>"; };
		F6674D1127BAF551007C7D93 /* LoginPresenter.swift */ = {isa = PBXFileReference; lastKnownFileType = sourcecode.swift; path = LoginPresenter.swift; sourceTree = "<group>"; };
		F6674D1227BAF551007C7D93 /* LoginInteractor.swift */ = {isa = PBXFileReference; lastKnownFileType = sourcecode.swift; path = LoginInteractor.swift; sourceTree = "<group>"; };
		F6FADEA627B6DF8D00C0F225 /* AppsCell.swift */ = {isa = PBXFileReference; lastKnownFileType = sourcecode.swift; path = AppsCell.swift; sourceTree = "<group>"; };
		F6FADEA727B6DF8D00C0F225 /* AppsCell.xib */ = {isa = PBXFileReference; lastKnownFileType = file.xib; path = AppsCell.xib; sourceTree = "<group>"; };
		F6FADEAB27B6E5B700C0F225 /* CiceMusic-Bridging-Header.h */ = {isa = PBXFileReference; lastKnownFileType = sourcecode.c.h; path = "CiceMusic-Bridging-Header.h"; sourceTree = "<group>"; };
		F6FADEAC27B6E5B800C0F225 /* SWRevealViewController.h */ = {isa = PBXFileReference; fileEncoding = 4; lastKnownFileType = sourcecode.c.h; path = SWRevealViewController.h; sourceTree = "<group>"; };
		F6FADEAD27B6E5B800C0F225 /* SWRevealViewController .m */ = {isa = PBXFileReference; fileEncoding = 4; lastKnownFileType = sourcecode.c.objc; path = "SWRevealViewController .m"; sourceTree = "<group>"; };
		F6FADEB027B6EF1000C0F225 /* MenuViewController.xib */ = {isa = PBXFileReference; lastKnownFileType = file.xib; path = MenuViewController.xib; sourceTree = "<group>"; };
		F6FADEB127B6EF1000C0F225 /* MenuViewController.swift */ = {isa = PBXFileReference; lastKnownFileType = sourcecode.swift; path = MenuViewController.swift; sourceTree = "<group>"; };
		F6FADEB227B6EF1000C0F225 /* MenuRouter.swift */ = {isa = PBXFileReference; lastKnownFileType = sourcecode.swift; path = MenuRouter.swift; sourceTree = "<group>"; };
		F6FADEB327B6EF1000C0F225 /* MenuProvider.swift */ = {isa = PBXFileReference; lastKnownFileType = sourcecode.swift; path = MenuProvider.swift; sourceTree = "<group>"; };
		F6FADEB427B6EF1000C0F225 /* MenuCoordinator.swift */ = {isa = PBXFileReference; lastKnownFileType = sourcecode.swift; path = MenuCoordinator.swift; sourceTree = "<group>"; };
		F6FADEB527B6EF1000C0F225 /* MenuPresenter.swift */ = {isa = PBXFileReference; lastKnownFileType = sourcecode.swift; path = MenuPresenter.swift; sourceTree = "<group>"; };
		F6FADEB627B6EF1000C0F225 /* MenuInteractor.swift */ = {isa = PBXFileReference; lastKnownFileType = sourcecode.swift; path = MenuInteractor.swift; sourceTree = "<group>"; };
/* End PBXFileReference section */

/* Begin PBXFrameworksBuildPhase section */
		B485D38627ADA66300C07C35 /* Frameworks */ = {
			isa = PBXFrameworksBuildPhase;
			buildActionMask = 2147483647;
			files = (
				B48C4B5827B43A92009BB5EE /* Kingfisher in Frameworks */,
			);
			runOnlyForDeploymentPostprocessing = 0;
		};
/* End PBXFrameworksBuildPhase section */

/* Begin PBXGroup section */
		B4226FD727B19DC800DFFD1D /* Models */ = {
			isa = PBXGroup;
			children = (
				B4226FD827B19DD800DFFD1D /* AppleServerModel.swift */,
				B48C4B5B27B44B36009BB5EE /* PodcastServerModel.swift */,
				B43E6E5827B5AF2B009C889B /* AppServerModel.swift */,
				F6674D0427BAD6F7007C7D93 /* MenuServerModel.swift */,
			);
			path = Models;
			sourceTree = "<group>";
		};
		B43E6E4827B59870009C889B /* AppleGenericDetail */ = {
			isa = PBXGroup;
			children = (
				F6FADEA527B6DF5000C0F225 /* Cell */,
				B43E6E4927B59898009C889B /* AppleGenericDetailViewController.xib */,
				B43E6E4A27B59898009C889B /* AppleGenericDetailViewController.swift */,
				B43E6E4B27B59898009C889B /* AppleGenericDetailRouter.swift */,
				B43E6E4C27B59898009C889B /* AppleGenericDetailProvider.swift */,
				B43E6E4D27B59898009C889B /* AppleGenericDetailCoordinator.swift */,
				B43E6E4E27B59898009C889B /* AppleGenericDetailPresenter.swift */,
				B43E6E4F27B59898009C889B /* AppleGenericDetailInteractor.swift */,
			);
			path = AppleGenericDetail;
			sourceTree = "<group>";
		};
		B485D38027ADA66300C07C35 = {
			isa = PBXGroup;
			children = (
				B485D38B27ADA66300C07C35 /* CiceMusic */,
				B485D38A27ADA66300C07C35 /* Products */,
			);
			sourceTree = "<group>";
		};
		B485D38A27ADA66300C07C35 /* Products */ = {
			isa = PBXGroup;
			children = (
				B485D38927ADA66300C07C35 /* CiceMusic.app */,
			);
			name = Products;
			sourceTree = "<group>";
		};
		B485D38B27ADA66300C07C35 /* CiceMusic */ = {
			isa = PBXGroup;
			children = (
				F6FADEAA27B6E55F00C0F225 /* MenuLateral */,
				B48C4B5F27B45238009BB5EE /* ViewModels */,
				B4226FD727B19DC800DFFD1D /* Models */,
				B485D3C827ADC12A00C07C35 /* Utils+Helpers */,
				B485D3C027ADBF3A00C07C35 /* NetworkService */,
				B485D3AC27ADABD700C07C35 /* Sources */,
				B485D3A827ADA92400C07C35 /* BaseVIPER */,
				B485D3A427ADA79F00C07C35 /* CoreApp */,
				B485D39527ADA66500C07C35 /* Assets.xcassets */,
				B485D39727ADA66500C07C35 /* LaunchScreen.storyboard */,
				B485D39A27ADA66500C07C35 /* Info.plist */,
			);
			path = CiceMusic;
			sourceTree = "<group>";
		};
		B485D3A427ADA79F00C07C35 /* CoreApp */ = {
			isa = PBXGroup;
			children = (
				B485D38C27ADA66300C07C35 /* AppDelegate.swift */,
				B485D3A527ADA7B500C07C35 /* AppCoreCoordinator.swift */,
			);
			path = CoreApp;
			sourceTree = "<group>";
		};
		B485D3A827ADA92400C07C35 /* BaseVIPER */ = {
			isa = PBXGroup;
			children = (
				B485D3A927ADA94C00C07C35 /* BaseVIPER.swift */,
			);
			path = BaseVIPER;
			sourceTree = "<group>";
		};
		B485D3AC27ADABD700C07C35 /* Sources */ = {
			isa = PBXGroup;
			children = (
				F6674D0B27BAF52A007C7D93 /* Login */,
				F6FADEAF27B6EEA900C0F225 /* MenuView */,
				B43E6E4827B59870009C889B /* AppleGenericDetail */,
				B4FDF3A127B2ED1C00D3C570 /* BooksView */,
				B4FDF3A027B2ED0E00D3C570 /* PodcastView */,
				B4FDF39F27B2ED0800D3C570 /* MusicView */,
				B4FDF39E27B2ECFF00D3C570 /* HomeTabBar */,
				B485D3AD27ADABE100C07C35 /* SplashView */,
			);
			path = Sources;
			sourceTree = "<group>";
		};
		B485D3AD27ADABE100C07C35 /* SplashView */ = {
			isa = PBXGroup;
			children = (
				B485D3AE27ADAC0000C07C35 /* SplashViewController.swift */,
				B485D3AF27ADAC0000C07C35 /* SplashViewController.xib */,
				B485D3B427ADAC5E00C07C35 /* SplashPresenter.swift */,
				B485D3B727ADADC700C07C35 /* SplashInteractor.swift */,
				B485D3BA27ADADD600C07C35 /* SplashRouter.swift */,
				B485D3BD27ADB1D000C07C35 /* SplashCoordinator.swift */,
				B485D3CC27ADC95700C07C35 /* SplashProvider.swift */,
			);
			path = SplashView;
			sourceTree = "<group>";
		};
		B485D3C027ADBF3A00C07C35 /* NetworkService */ = {
			isa = PBXGroup;
			children = (
				B485D3C127ADBF5900C07C35 /* NetworkService.swift */,
				B485D3C527ADC0A100C07C35 /* NetworkError.swift */,
			);
			path = NetworkService;
			sourceTree = "<group>";
		};
		B485D3C827ADC12A00C07C35 /* Utils+Helpers */ = {
			isa = PBXGroup;
			children = (
				B485D3C927ADC13900C07C35 /* Utils.swift */,
			);
			path = "Utils+Helpers";
			sourceTree = "<group>";
		};
		B48C4B5F27B45238009BB5EE /* ViewModels */ = {
			isa = PBXGroup;
			children = (
				B48C4B6027B45257009BB5EE /* AppleViewModel.swift */,
			);
			path = ViewModels;
			sourceTree = "<group>";
		};
		B4FDF39E27B2ECFF00D3C570 /* HomeTabBar */ = {
			isa = PBXGroup;
			children = (
				B4FDF3CF27B2F02700D3C570 /* HomeTabBarViewController.swift */,
				B4FDF3D027B2F02700D3C570 /* HomeTabBarViewController.xib */,
				B4FDF3D427B2F04200D3C570 /* HomeTabBarCoordinator.swift */,
			);
			path = HomeTabBar;
			sourceTree = "<group>";
		};
		B4FDF39F27B2ED0800D3C570 /* MusicView */ = {
			isa = PBXGroup;
			children = (
				B4FDF3D827B30D2E00D3C570 /* Cell */,
				B4FDF3A227B2ED4600D3C570 /* MusicViewController.xib */,
				B4FDF3A327B2ED4600D3C570 /* MusicViewController.swift */,
				B4FDF3A427B2ED4600D3C570 /* MusicRouter.swift */,
				B4FDF3A527B2ED4600D3C570 /* MusicProvider.swift */,
				B4FDF3A627B2ED4600D3C570 /* MusicCoordinator.swift */,
				B4FDF3A727B2ED4600D3C570 /* MusicPresenter.swift */,
				B4FDF3A827B2ED4600D3C570 /* MusicInteractor.swift */,
			);
			path = MusicView;
			sourceTree = "<group>";
		};
		B4FDF3A027B2ED0E00D3C570 /* PodcastView */ = {
			isa = PBXGroup;
			children = (
				B4FDF3B127B2ED5900D3C570 /* PodcatsViewController.xib */,
				B4FDF3B227B2ED5900D3C570 /* PodcatsViewController.swift */,
				B4FDF3B327B2ED5900D3C570 /* PodcatsRouter.swift */,
				B4FDF3B427B2ED5900D3C570 /* PodcatsProvider.swift */,
				B4FDF3B527B2ED5900D3C570 /* PodcatsCoordinator.swift */,
				B4FDF3B627B2ED5900D3C570 /* PodcatsPresenter.swift */,
				B4FDF3B727B2ED5900D3C570 /* PodcatsInteractor.swift */,
			);
			path = PodcastView;
			sourceTree = "<group>";
		};
		B4FDF3A127B2ED1C00D3C570 /* BooksView */ = {
			isa = PBXGroup;
			children = (
				B4FDF3C027B2ED7300D3C570 /* BookViewController.xib */,
				B4FDF3C127B2ED7300D3C570 /* BookViewController.swift */,
				B4FDF3C227B2ED7300D3C570 /* BookRouter.swift */,
				B4FDF3C327B2ED7300D3C570 /* BookProvider.swift */,
				B4FDF3C427B2ED7300D3C570 /* BookCoordinator.swift */,
				B4FDF3C527B2ED7300D3C570 /* BookPresenter.swift */,
				B4FDF3C627B2ED7300D3C570 /* BookInteractor.swift */,
			);
			path = BooksView;
			sourceTree = "<group>";
		};
		B4FDF3D827B30D2E00D3C570 /* Cell */ = {
			isa = PBXGroup;
			children = (
				B4FDF3D927B30D4A00D3C570 /* MusicCell.swift */,
				B4FDF3DA27B30D4A00D3C570 /* MusicCell.xib */,
			);
			path = Cell;
			sourceTree = "<group>";
		};
		F6674D0627BAECA1007C7D93 /* Cell */ = {
			isa = PBXGroup;
			children = (
				F6674D0727BAECBC007C7D93 /* MenuCell.swift */,
				F6674D0827BAECBC007C7D93 /* MenuCell.xib */,
			);
			path = Cell;
			sourceTree = "<group>";
		};
		F6674D0B27BAF52A007C7D93 /* Login */ = {
			isa = PBXGroup;
			children = (
				F6674D0C27BAF551007C7D93 /* LoginViewController.xib */,
				F6674D0D27BAF551007C7D93 /* LoginViewController.swift */,
				F6674D0E27BAF551007C7D93 /* LoginRouter.swift */,
				F6674D0F27BAF551007C7D93 /* LoginProvider.swift */,
				F6674D1027BAF551007C7D93 /* LoginCoordinator.swift */,
				F6674D1127BAF551007C7D93 /* LoginPresenter.swift */,
				F6674D1227BAF551007C7D93 /* LoginInteractor.swift */,
			);
			path = Login;
			sourceTree = "<group>";
		};
		F6FADEA527B6DF5000C0F225 /* Cell */ = {
			isa = PBXGroup;
			children = (
				F6FADEA627B6DF8D00C0F225 /* AppsCell.swift */,
				F6FADEA727B6DF8D00C0F225 /* AppsCell.xib */,
			);
			path = Cell;
			sourceTree = "<group>";
		};
		F6FADEAA27B6E55F00C0F225 /* MenuLateral */ = {
			isa = PBXGroup;
			children = (
				F6FADEAD27B6E5B800C0F225 /* SWRevealViewController .m */,
				F6FADEAC27B6E5B800C0F225 /* SWRevealViewController.h */,
				F6FADEAB27B6E5B700C0F225 /* CiceMusic-Bridging-Header.h */,
			);
			path = MenuLateral;
			sourceTree = "<group>";
		};
		F6FADEAF27B6EEA900C0F225 /* MenuView */ = {
			isa = PBXGroup;
			children = (
				F6674D0627BAECA1007C7D93 /* Cell */,
				F6FADEB027B6EF1000C0F225 /* MenuViewController.xib */,
				F6FADEB127B6EF1000C0F225 /* MenuViewController.swift */,
				F6FADEB227B6EF1000C0F225 /* MenuRouter.swift */,
				F6FADEB327B6EF1000C0F225 /* MenuProvider.swift */,
				F6FADEB427B6EF1000C0F225 /* MenuCoordinator.swift */,
				F6FADEB527B6EF1000C0F225 /* MenuPresenter.swift */,
				F6FADEB627B6EF1000C0F225 /* MenuInteractor.swift */,
			);
			path = MenuView;
			sourceTree = "<group>";
		};
/* End PBXGroup section */

/* Begin PBXNativeTarget section */
		B485D38827ADA66300C07C35 /* CiceMusic */ = {
			isa = PBXNativeTarget;
			buildConfigurationList = B485D39D27ADA66500C07C35 /* Build configuration list for PBXNativeTarget "CiceMusic" */;
			buildPhases = (
				B485D38527ADA66300C07C35 /* Sources */,
				B485D38627ADA66300C07C35 /* Frameworks */,
				B485D38727ADA66300C07C35 /* Resources */,
			);
			buildRules = (
			);
			dependencies = (
			);
			name = CiceMusic;
			packageProductDependencies = (
				B48C4B5727B43A92009BB5EE /* Kingfisher */,
			);
			productName = CiceMusic;
			productReference = B485D38927ADA66300C07C35 /* CiceMusic.app */;
			productType = "com.apple.product-type.application";
		};
/* End PBXNativeTarget section */

/* Begin PBXProject section */
		B485D38127ADA66300C07C35 /* Project object */ = {
			isa = PBXProject;
			attributes = {
				LastSwiftUpdateCheck = 1240;
				LastUpgradeCheck = 1240;
				TargetAttributes = {
					B485D38827ADA66300C07C35 = {
						CreatedOnToolsVersion = 12.4;
						LastSwiftMigration = 1320;
					};
				};
			};
			buildConfigurationList = B485D38427ADA66300C07C35 /* Build configuration list for PBXProject "CiceMusic" */;
			compatibilityVersion = "Xcode 9.3";
			developmentRegion = en;
			hasScannedForEncodings = 0;
			knownRegions = (
				en,
				Base,
			);
			mainGroup = B485D38027ADA66300C07C35;
			packageReferences = (
				B48C4B5627B43A92009BB5EE /* XCRemoteSwiftPackageReference "Kingfisher" */,
			);
			productRefGroup = B485D38A27ADA66300C07C35 /* Products */;
			projectDirPath = "";
			projectRoot = "";
			targets = (
				B485D38827ADA66300C07C35 /* CiceMusic */,
			);
		};
/* End PBXProject section */

/* Begin PBXResourcesBuildPhase section */
		B485D38727ADA66300C07C35 /* Resources */ = {
			isa = PBXResourcesBuildPhase;
			buildActionMask = 2147483647;
			files = (
				B4FDF3A927B2ED4600D3C570 /* MusicViewController.xib in Resources */,
				B485D39927ADA66500C07C35 /* LaunchScreen.storyboard in Resources */,
				B485D3B127ADAC0000C07C35 /* SplashViewController.xib in Resources */,
				B485D39627ADA66500C07C35 /* Assets.xcassets in Resources */,
				B4FDF3B827B2ED5900D3C570 /* PodcatsViewController.xib in Resources */,
				F6FADEA927B6DF8D00C0F225 /* AppsCell.xib in Resources */,
				F6674D0A27BAECBC007C7D93 /* MenuCell.xib in Resources */,
				B4FDF3C727B2ED7300D3C570 /* BookViewController.xib in Resources */,
				F6FADEB727B6EF1000C0F225 /* MenuViewController.xib in Resources */,
				F6674D1327BAF551007C7D93 /* LoginViewController.xib in Resources */,
				B43E6E5027B59898009C889B /* AppleGenericDetailViewController.xib in Resources */,
				B4FDF3D227B2F02700D3C570 /* HomeTabBarViewController.xib in Resources */,
				B4FDF3DC27B30D4A00D3C570 /* MusicCell.xib in Resources */,
			);
			runOnlyForDeploymentPostprocessing = 0;
		};
/* End PBXResourcesBuildPhase section */

/* Begin PBXSourcesBuildPhase section */
		B485D38527ADA66300C07C35 /* Sources */ = {
			isa = PBXSourcesBuildPhase;
			buildActionMask = 2147483647;
			files = (
				F6674D1427BAF551007C7D93 /* LoginViewController.swift in Sources */,
				B4226FD927B19DD800DFFD1D /* AppleServerModel.swift in Sources */,
				B485D38D27ADA66300C07C35 /* AppDelegate.swift in Sources */,
				F6674D0927BAECBC007C7D93 /* MenuCell.swift in Sources */,
				B485D3CD27ADC95700C07C35 /* SplashProvider.swift in Sources */,
				B4FDF3D527B2F04200D3C570 /* HomeTabBarCoordinator.swift in Sources */,
				B43E6E5227B59898009C889B /* AppleGenericDetailRouter.swift in Sources */,
				B485D3BE27ADB1D000C07C35 /* SplashCoordinator.swift in Sources */,
				F6674D1527BAF551007C7D93 /* LoginRouter.swift in Sources */,
				B485D3B827ADADC700C07C35 /* SplashInteractor.swift in Sources */,
				B485D3BB27ADADD600C07C35 /* SplashRouter.swift in Sources */,
				B43E6E5927B5AF2B009C889B /* AppServerModel.swift in Sources */,
				B43E6E5327B59898009C889B /* AppleGenericDetailProvider.swift in Sources */,
				F6674D1927BAF551007C7D93 /* LoginInteractor.swift in Sources */,
				B4FDF3BE27B2ED5900D3C570 /* PodcatsInteractor.swift in Sources */,
				B43E6E5627B59898009C889B /* AppleGenericDetailInteractor.swift in Sources */,
				B4FDF3CB27B2ED7300D3C570 /* BookCoordinator.swift in Sources */,
				F6FADEBC27B6EF1000C0F225 /* MenuPresenter.swift in Sources */,
				B4FDF3BA27B2ED5900D3C570 /* PodcatsRouter.swift in Sources */,
				F6674D1827BAF551007C7D93 /* LoginPresenter.swift in Sources */,
				F6674D1727BAF551007C7D93 /* LoginCoordinator.swift in Sources */,
				B485D3C227ADBF5900C07C35 /* NetworkService.swift in Sources */,
				B43E6E5127B59898009C889B /* AppleGenericDetailViewController.swift in Sources */,
				B4FDF3C827B2ED7300D3C570 /* BookViewController.swift in Sources */,
				B485D3B527ADAC5E00C07C35 /* SplashPresenter.swift in Sources */,
				B4FDF3CA27B2ED7300D3C570 /* BookProvider.swift in Sources */,
				B48C4B5C27B44B36009BB5EE /* PodcastServerModel.swift in Sources */,
				B4FDF3D127B2F02700D3C570 /* HomeTabBarViewController.swift in Sources */,
				B4FDF3AA27B2ED4600D3C570 /* MusicViewController.swift in Sources */,
				B43E6E5427B59898009C889B /* AppleGenericDetailCoordinator.swift in Sources */,
				B4FDF3AD27B2ED4700D3C570 /* MusicCoordinator.swift in Sources */,
				B4FDF3C927B2ED7300D3C570 /* BookRouter.swift in Sources */,
				F6FADEB927B6EF1000C0F225 /* MenuRouter.swift in Sources */,
				F6FADEBD27B6EF1000C0F225 /* MenuInteractor.swift in Sources */,
				B4FDF3AB27B2ED4600D3C570 /* MusicRouter.swift in Sources */,
				F6674D0527BAD6F7007C7D93 /* MenuServerModel.swift in Sources */,
				B4FDF3B927B2ED5900D3C570 /* PodcatsViewController.swift in Sources */,
				B4FDF3AF27B2ED4700D3C570 /* MusicInteractor.swift in Sources */,
				B4FDF3AC27B2ED4600D3C570 /* MusicProvider.swift in Sources */,
				B4FDF3BB27B2ED5900D3C570 /* PodcatsProvider.swift in Sources */,
				B4FDF3BC27B2ED5900D3C570 /* PodcatsCoordinator.swift in Sources */,
				F6FADEAE27B6E5B800C0F225 /* SWRevealViewController .m in Sources */,
				B485D3AA27ADA94C00C07C35 /* BaseVIPER.swift in Sources */,
				B485D3CA27ADC13900C07C35 /* Utils.swift in Sources */,
				B4FDF3AE27B2ED4700D3C570 /* MusicPresenter.swift in Sources */,
				F6674D1627BAF551007C7D93 /* LoginProvider.swift in Sources */,
				B4FDF3DB27B30D4A00D3C570 /* MusicCell.swift in Sources */,
				B48C4B6127B45257009BB5EE /* AppleViewModel.swift in Sources */,
				B4FDF3CC27B2ED7300D3C570 /* BookPresenter.swift in Sources */,
				B4FDF3CD27B2ED7300D3C570 /* BookInteractor.swift in Sources */,
				F6FADEBB27B6EF1000C0F225 /* MenuCoordinator.swift in Sources */,
				B485D3A627ADA7B500C07C35 /* AppCoreCoordinator.swift in Sources */,
				B485D3B027ADAC0000C07C35 /* SplashViewController.swift in Sources */,
				B485D3C627ADC0A100C07C35 /* NetworkError.swift in Sources */,
				F6FADEA827B6DF8D00C0F225 /* AppsCell.swift in Sources */,
				B43E6E5527B59898009C889B /* AppleGenericDetailPresenter.swift in Sources */,
				F6FADEBA27B6EF1000C0F225 /* MenuProvider.swift in Sources */,
				B4FDF3BD27B2ED5900D3C570 /* PodcatsPresenter.swift in Sources */,
				F6FADEB827B6EF1000C0F225 /* MenuViewController.swift in Sources */,
			);
			runOnlyForDeploymentPostprocessing = 0;
		};
/* End PBXSourcesBuildPhase section */

/* Begin PBXVariantGroup section */
		B485D39727ADA66500C07C35 /* LaunchScreen.storyboard */ = {
			isa = PBXVariantGroup;
			children = (
				B485D39827ADA66500C07C35 /* Base */,
			);
			name = LaunchScreen.storyboard;
			sourceTree = "<group>";
		};
/* End PBXVariantGroup section */

/* Begin XCBuildConfiguration section */
		B485D39B27ADA66500C07C35 /* DEV */ = {
			isa = XCBuildConfiguration;
			buildSettings = {
				ALWAYS_SEARCH_USER_PATHS = NO;
				CLANG_ANALYZER_NONNULL = YES;
				CLANG_ANALYZER_NUMBER_OBJECT_CONVERSION = YES_AGGRESSIVE;
				CLANG_CXX_LANGUAGE_STANDARD = "gnu++14";
				CLANG_CXX_LIBRARY = "libc++";
				CLANG_ENABLE_MODULES = YES;
				CLANG_ENABLE_OBJC_ARC = YES;
				CLANG_ENABLE_OBJC_WEAK = YES;
				CLANG_WARN_BLOCK_CAPTURE_AUTORELEASING = YES;
				CLANG_WARN_BOOL_CONVERSION = YES;
				CLANG_WARN_COMMA = YES;
				CLANG_WARN_CONSTANT_CONVERSION = YES;
				CLANG_WARN_DEPRECATED_OBJC_IMPLEMENTATIONS = YES;
				CLANG_WARN_DIRECT_OBJC_ISA_USAGE = YES_ERROR;
				CLANG_WARN_DOCUMENTATION_COMMENTS = YES;
				CLANG_WARN_EMPTY_BODY = YES;
				CLANG_WARN_ENUM_CONVERSION = YES;
				CLANG_WARN_INFINITE_RECURSION = YES;
				CLANG_WARN_INT_CONVERSION = YES;
				CLANG_WARN_NON_LITERAL_NULL_CONVERSION = YES;
				CLANG_WARN_OBJC_IMPLICIT_RETAIN_SELF = YES;
				CLANG_WARN_OBJC_LITERAL_CONVERSION = YES;
				CLANG_WARN_OBJC_ROOT_CLASS = YES_ERROR;
				CLANG_WARN_QUOTED_INCLUDE_IN_FRAMEWORK_HEADER = YES;
				CLANG_WARN_RANGE_LOOP_ANALYSIS = YES;
				CLANG_WARN_STRICT_PROTOTYPES = YES;
				CLANG_WARN_SUSPICIOUS_MOVE = YES;
				CLANG_WARN_UNGUARDED_AVAILABILITY = YES_AGGRESSIVE;
				CLANG_WARN_UNREACHABLE_CODE = YES;
				CLANG_WARN__DUPLICATE_METHOD_MATCH = YES;
				COPY_PHASE_STRIP = NO;
				DEBUG_INFORMATION_FORMAT = dwarf;
				ENABLE_STRICT_OBJC_MSGSEND = YES;
				ENABLE_TESTABILITY = YES;
				GCC_C_LANGUAGE_STANDARD = gnu11;
				GCC_DYNAMIC_NO_PIC = NO;
				GCC_NO_COMMON_BLOCKS = YES;
				GCC_OPTIMIZATION_LEVEL = 0;
				GCC_PREPROCESSOR_DEFINITIONS = (
					"DEBUG=1",
					"$(inherited)",
				);
				GCC_WARN_64_TO_32_BIT_CONVERSION = YES;
				GCC_WARN_ABOUT_RETURN_TYPE = YES_ERROR;
				GCC_WARN_UNDECLARED_SELECTOR = YES;
				GCC_WARN_UNINITIALIZED_AUTOS = YES_AGGRESSIVE;
				GCC_WARN_UNUSED_FUNCTION = YES;
				GCC_WARN_UNUSED_VARIABLE = YES;
				IPHONEOS_DEPLOYMENT_TARGET = 14.4;
				MTL_ENABLE_DEBUG_INFO = INCLUDE_SOURCE;
				MTL_FAST_MATH = YES;
				ONLY_ACTIVE_ARCH = YES;
				SDKROOT = iphoneos;
				SWIFT_ACTIVE_COMPILATION_CONDITIONS = DEBUG;
				SWIFT_OPTIMIZATION_LEVEL = "-Onone";
			};
			name = DEV;
		};
		B485D39C27ADA66500C07C35 /* PRE */ = {
			isa = XCBuildConfiguration;
			buildSettings = {
				ALWAYS_SEARCH_USER_PATHS = NO;
				CLANG_ANALYZER_NONNULL = YES;
				CLANG_ANALYZER_NUMBER_OBJECT_CONVERSION = YES_AGGRESSIVE;
				CLANG_CXX_LANGUAGE_STANDARD = "gnu++14";
				CLANG_CXX_LIBRARY = "libc++";
				CLANG_ENABLE_MODULES = YES;
				CLANG_ENABLE_OBJC_ARC = YES;
				CLANG_ENABLE_OBJC_WEAK = YES;
				CLANG_WARN_BLOCK_CAPTURE_AUTORELEASING = YES;
				CLANG_WARN_BOOL_CONVERSION = YES;
				CLANG_WARN_COMMA = YES;
				CLANG_WARN_CONSTANT_CONVERSION = YES;
				CLANG_WARN_DEPRECATED_OBJC_IMPLEMENTATIONS = YES;
				CLANG_WARN_DIRECT_OBJC_ISA_USAGE = YES_ERROR;
				CLANG_WARN_DOCUMENTATION_COMMENTS = YES;
				CLANG_WARN_EMPTY_BODY = YES;
				CLANG_WARN_ENUM_CONVERSION = YES;
				CLANG_WARN_INFINITE_RECURSION = YES;
				CLANG_WARN_INT_CONVERSION = YES;
				CLANG_WARN_NON_LITERAL_NULL_CONVERSION = YES;
				CLANG_WARN_OBJC_IMPLICIT_RETAIN_SELF = YES;
				CLANG_WARN_OBJC_LITERAL_CONVERSION = YES;
				CLANG_WARN_OBJC_ROOT_CLASS = YES_ERROR;
				CLANG_WARN_QUOTED_INCLUDE_IN_FRAMEWORK_HEADER = YES;
				CLANG_WARN_RANGE_LOOP_ANALYSIS = YES;
				CLANG_WARN_STRICT_PROTOTYPES = YES;
				CLANG_WARN_SUSPICIOUS_MOVE = YES;
				CLANG_WARN_UNGUARDED_AVAILABILITY = YES_AGGRESSIVE;
				CLANG_WARN_UNREACHABLE_CODE = YES;
				CLANG_WARN__DUPLICATE_METHOD_MATCH = YES;
				COPY_PHASE_STRIP = NO;
				DEBUG_INFORMATION_FORMAT = "dwarf-with-dsym";
				ENABLE_NS_ASSERTIONS = NO;
				ENABLE_STRICT_OBJC_MSGSEND = YES;
				GCC_C_LANGUAGE_STANDARD = gnu11;
				GCC_NO_COMMON_BLOCKS = YES;
				GCC_WARN_64_TO_32_BIT_CONVERSION = YES;
				GCC_WARN_ABOUT_RETURN_TYPE = YES_ERROR;
				GCC_WARN_UNDECLARED_SELECTOR = YES;
				GCC_WARN_UNINITIALIZED_AUTOS = YES_AGGRESSIVE;
				GCC_WARN_UNUSED_FUNCTION = YES;
				GCC_WARN_UNUSED_VARIABLE = YES;
				IPHONEOS_DEPLOYMENT_TARGET = 14.4;
				MTL_ENABLE_DEBUG_INFO = NO;
				MTL_FAST_MATH = YES;
				SDKROOT = iphoneos;
				SWIFT_COMPILATION_MODE = wholemodule;
				SWIFT_OPTIMIZATION_LEVEL = "-O";
				VALIDATE_PRODUCT = YES;
			};
			name = PRE;
		};
		B485D39E27ADA66500C07C35 /* DEV */ = {
			isa = XCBuildConfiguration;
			buildSettings = {
				ASSETCATALOG_COMPILER_APPICON_NAME = AppIcon;
				ASSETCATALOG_COMPILER_GLOBAL_ACCENT_COLOR_NAME = AccentColor;
				CLANG_ENABLE_MODULES = YES;
				CODE_SIGN_STYLE = Automatic;
				DEVELOPMENT_TEAM = 2C7W4RF846;
				INFOPLIST_FILE = CiceMusic/Info.plist;
				LD_RUNPATH_SEARCH_PATHS = (
					"$(inherited)",
					"@executable_path/Frameworks",
				);
				PRODUCT_BUNDLE_IDENTIFIER = com.cice.education.Tecnologia.iOS.CiceMusic;
				PRODUCT_NAME = "$(TARGET_NAME)";
				SWIFT_ACTIVE_COMPILATION_CONDITIONS = DEV;
				SWIFT_OBJC_BRIDGING_HEADER = "CiceMusic/MenuLateral/CiceMusic-Bridging-Header.h";
				SWIFT_OPTIMIZATION_LEVEL = "-Onone";
				SWIFT_VERSION = 5.0;
				TARGETED_DEVICE_FAMILY = 1;
			};
			name = DEV;
		};
		B485D39F27ADA66500C07C35 /* PRE */ = {
			isa = XCBuildConfiguration;
			buildSettings = {
				ASSETCATALOG_COMPILER_APPICON_NAME = AppIcon;
				ASSETCATALOG_COMPILER_GLOBAL_ACCENT_COLOR_NAME = AccentColor;
				CLANG_ENABLE_MODULES = YES;
				CODE_SIGN_STYLE = Automatic;
				DEVELOPMENT_TEAM = 2C7W4RF846;
				INFOPLIST_FILE = CiceMusic/Info.plist;
				LD_RUNPATH_SEARCH_PATHS = (
					"$(inherited)",
					"@executable_path/Frameworks",
				);
				PRODUCT_BUNDLE_IDENTIFIER = com.cice.education.Tecnologia.iOS.CiceMusic;
				PRODUCT_NAME = "$(TARGET_NAME)";
				SWIFT_ACTIVE_COMPILATION_CONDITIONS = PRE;
				SWIFT_OBJC_BRIDGING_HEADER = "CiceMusic/MenuLateral/CiceMusic-Bridging-Header.h";
				SWIFT_VERSION = 5.0;
				TARGETED_DEVICE_FAMILY = 1;
			};
			name = PRE;
		};
		F6FADEBE27B6FD1F00C0F225 /* PRO */ = {
			isa = XCBuildConfiguration;
			buildSettings = {
				ALWAYS_SEARCH_USER_PATHS = NO;
				CLANG_ANALYZER_NONNULL = YES;
				CLANG_ANALYZER_NUMBER_OBJECT_CONVERSION = YES_AGGRESSIVE;
				CLANG_CXX_LANGUAGE_STANDARD = "gnu++14";
				CLANG_CXX_LIBRARY = "libc++";
				CLANG_ENABLE_MODULES = YES;
				CLANG_ENABLE_OBJC_ARC = YES;
				CLANG_ENABLE_OBJC_WEAK = YES;
				CLANG_WARN_BLOCK_CAPTURE_AUTORELEASING = YES;
				CLANG_WARN_BOOL_CONVERSION = YES;
				CLANG_WARN_COMMA = YES;
				CLANG_WARN_CONSTANT_CONVERSION = YES;
				CLANG_WARN_DEPRECATED_OBJC_IMPLEMENTATIONS = YES;
				CLANG_WARN_DIRECT_OBJC_ISA_USAGE = YES_ERROR;
				CLANG_WARN_DOCUMENTATION_COMMENTS = YES;
				CLANG_WARN_EMPTY_BODY = YES;
				CLANG_WARN_ENUM_CONVERSION = YES;
				CLANG_WARN_INFINITE_RECURSION = YES;
				CLANG_WARN_INT_CONVERSION = YES;
				CLANG_WARN_NON_LITERAL_NULL_CONVERSION = YES;
				CLANG_WARN_OBJC_IMPLICIT_RETAIN_SELF = YES;
				CLANG_WARN_OBJC_LITERAL_CONVERSION = YES;
				CLANG_WARN_OBJC_ROOT_CLASS = YES_ERROR;
				CLANG_WARN_QUOTED_INCLUDE_IN_FRAMEWORK_HEADER = YES;
				CLANG_WARN_RANGE_LOOP_ANALYSIS = YES;
				CLANG_WARN_STRICT_PROTOTYPES = YES;
				CLANG_WARN_SUSPICIOUS_MOVE = YES;
				CLANG_WARN_UNGUARDED_AVAILABILITY = YES_AGGRESSIVE;
				CLANG_WARN_UNREACHABLE_CODE = YES;
				CLANG_WARN__DUPLICATE_METHOD_MATCH = YES;
				COPY_PHASE_STRIP = NO;
				DEBUG_INFORMATION_FORMAT = "dwarf-with-dsym";
				ENABLE_NS_ASSERTIONS = NO;
				ENABLE_STRICT_OBJC_MSGSEND = YES;
				GCC_C_LANGUAGE_STANDARD = gnu11;
				GCC_NO_COMMON_BLOCKS = YES;
				GCC_WARN_64_TO_32_BIT_CONVERSION = YES;
				GCC_WARN_ABOUT_RETURN_TYPE = YES_ERROR;
				GCC_WARN_UNDECLARED_SELECTOR = YES;
				GCC_WARN_UNINITIALIZED_AUTOS = YES_AGGRESSIVE;
				GCC_WARN_UNUSED_FUNCTION = YES;
				GCC_WARN_UNUSED_VARIABLE = YES;
				IPHONEOS_DEPLOYMENT_TARGET = 14.4;
				MTL_ENABLE_DEBUG_INFO = NO;
				MTL_FAST_MATH = YES;
				SDKROOT = iphoneos;
				SWIFT_COMPILATION_MODE = wholemodule;
				SWIFT_OPTIMIZATION_LEVEL = "-O";
				VALIDATE_PRODUCT = YES;
			};
			name = PRO;
		};
		F6FADEBF27B6FD1F00C0F225 /* PRO */ = {
			isa = XCBuildConfiguration;
			buildSettings = {
				ASSETCATALOG_COMPILER_APPICON_NAME = AppIcon;
				ASSETCATALOG_COMPILER_GLOBAL_ACCENT_COLOR_NAME = AccentColor;
				CLANG_ENABLE_MODULES = YES;
				CODE_SIGN_STYLE = Automatic;
				DEVELOPMENT_TEAM = 2C7W4RF846;
				INFOPLIST_FILE = CiceMusic/Info.plist;
				LD_RUNPATH_SEARCH_PATHS = (
					"$(inherited)",
					"@executable_path/Frameworks",
				);
				PRODUCT_BUNDLE_IDENTIFIER = com.cice.education.Tecnologia.iOS.CiceMusic;
				PRODUCT_NAME = "$(TARGET_NAME)";
				SWIFT_ACTIVE_COMPILATION_CONDITIONS = PRO;
				SWIFT_OBJC_BRIDGING_HEADER = "CiceMusic/MenuLateral/CiceMusic-Bridging-Header.h";
				SWIFT_VERSION = 5.0;
				TARGETED_DEVICE_FAMILY = 1;
			};
			name = PRO;
		};
/* End XCBuildConfiguration section */

/* Begin XCConfigurationList section */
		B485D38427ADA66300C07C35 /* Build configuration list for PBXProject "CiceMusic" */ = {
			isa = XCConfigurationList;
			buildConfigurations = (
				B485D39B27ADA66500C07C35 /* DEV */,
				B485D39C27ADA66500C07C35 /* PRE */,
				F6FADEBE27B6FD1F00C0F225 /* PRO */,
			);
			defaultConfigurationIsVisible = 0;
			defaultConfigurationName = DEV;
		};
		B485D39D27ADA66500C07C35 /* Build configuration list for PBXNativeTarget "CiceMusic" */ = {
			isa = XCConfigurationList;
			buildConfigurations = (
				B485D39E27ADA66500C07C35 /* DEV */,
				B485D39F27ADA66500C07C35 /* PRE */,
				F6FADEBF27B6FD1F00C0F225 /* PRO */,
			);
			defaultConfigurationIsVisible = 0;
			defaultConfigurationName = DEV;
		};
/* End XCConfigurationList section */

/* Begin XCRemoteSwiftPackageReference section */
		B48C4B5627B43A92009BB5EE /* XCRemoteSwiftPackageReference "Kingfisher" */ = {
			isa = XCRemoteSwiftPackageReference;
			repositoryURL = "https://github.com/onevcat/Kingfisher.git";
			requirement = {
				kind = upToNextMajorVersion;
				minimumVersion = 7.0.0;
			};
		};
/* End XCRemoteSwiftPackageReference section */

/* Begin XCSwiftPackageProductDependency section */
		B48C4B5727B43A92009BB5EE /* Kingfisher */ = {
			isa = XCSwiftPackageProductDependency;
			package = B48C4B5627B43A92009BB5EE /* XCRemoteSwiftPackageReference "Kingfisher" */;
			productName = Kingfisher;
		};
/* End XCSwiftPackageProductDependency section */
	};
	rootObject = B485D38127ADA66300C07C35 /* Project object */;
}
