// !$*UTF8*$!
{
	archiveVersion = 1;
	classes = {
	};
	objectVersion = 50;
	objects = {

/* Begin PBXBuildFile section */
		B4462B5427A1E37500C9125E /* AppDelegate.swift in Sources */ = {isa = PBXBuildFile; fileRef = B4462B5327A1E37500C9125E /* AppDelegate.swift */; };
		B4462B5D27A1E37800C9125E /* Assets.xcassets in Resources */ = {isa = PBXBuildFile; fileRef = B4462B5C27A1E37800C9125E /* Assets.xcassets */; };
		B4462B6027A1E37800C9125E /* LaunchScreen.storyboard in Resources */ = {isa = PBXBuildFile; fileRef = B4462B5E27A1E37800C9125E /* LaunchScreen.storyboard */; };
		B4462B7027A1E4E800C9125E /* AppCoreCoordinator.swift in Sources */ = {isa = PBXBuildFile; fileRef = B4462B6F27A1E4E800C9125E /* AppCoreCoordinator.swift */; };
		B4462B7627A1E91600C9125E /* RegistroViewController.swift in Sources */ = {isa = PBXBuildFile; fileRef = B4462B7427A1E91600C9125E /* RegistroViewController.swift */; };
		B4462B7727A1E91600C9125E /* RegistroViewController.xib in Resources */ = {isa = PBXBuildFile; fileRef = B4462B7527A1E91600C9125E /* RegistroViewController.xib */; };
		B4462B7B27A1E92D00C9125E /* RegistroCoordinator.swift in Sources */ = {isa = PBXBuildFile; fileRef = B4462B7A27A1E92D00C9125E /* RegistroCoordinator.swift */; };
		B49A430927A319230064A2A0 /* Utils.swift in Sources */ = {isa = PBXBuildFile; fileRef = B49A430827A319230064A2A0 /* Utils.swift */; };
/* End PBXBuildFile section */

/* Begin PBXFileReference section */
		B4462B5027A1E37500C9125E /* MiUserDefault.app */ = {isa = PBXFileReference; explicitFileType = wrapper.application; includeInIndex = 0; path = MiUserDefault.app; sourceTree = BUILT_PRODUCTS_DIR; };
		B4462B5327A1E37500C9125E /* AppDelegate.swift */ = {isa = PBXFileReference; lastKnownFileType = sourcecode.swift; path = AppDelegate.swift; sourceTree = "<group>"; };
		B4462B5C27A1E37800C9125E /* Assets.xcassets */ = {isa = PBXFileReference; lastKnownFileType = folder.assetcatalog; path = Assets.xcassets; sourceTree = "<group>"; };
		B4462B5F27A1E37800C9125E /* Base */ = {isa = PBXFileReference; lastKnownFileType = file.storyboard; name = Base; path = Base.lproj/LaunchScreen.storyboard; sourceTree = "<group>"; };
		B4462B6127A1E37800C9125E /* Info.plist */ = {isa = PBXFileReference; lastKnownFileType = text.plist.xml; path = Info.plist; sourceTree = "<group>"; };
		B4462B6F27A1E4E800C9125E /* AppCoreCoordinator.swift */ = {isa = PBXFileReference; lastKnownFileType = sourcecode.swift; path = AppCoreCoordinator.swift; sourceTree = "<group>"; };
		B4462B7427A1E91600C9125E /* RegistroViewController.swift */ = {isa = PBXFileReference; lastKnownFileType = sourcecode.swift; path = RegistroViewController.swift; sourceTree = "<group>"; };
		B4462B7527A1E91600C9125E /* RegistroViewController.xib */ = {isa = PBXFileReference; lastKnownFileType = file.xib; path = RegistroViewController.xib; sourceTree = "<group>"; };
		B4462B7A27A1E92D00C9125E /* RegistroCoordinator.swift */ = {isa = PBXFileReference; lastKnownFileType = sourcecode.swift; path = RegistroCoordinator.swift; sourceTree = "<group>"; };
		B49A430827A319230064A2A0 /* Utils.swift */ = {isa = PBXFileReference; lastKnownFileType = sourcecode.swift; path = Utils.swift; sourceTree = "<group>"; };
/* End PBXFileReference section */

/* Begin PBXFrameworksBuildPhase section */
		B4462B4D27A1E37500C9125E /* Frameworks */ = {
			isa = PBXFrameworksBuildPhase;
			buildActionMask = 2147483647;
			files = (
			);
			runOnlyForDeploymentPostprocessing = 0;
		};
/* End PBXFrameworksBuildPhase section */

/* Begin PBXGroup section */
		B4462B4727A1E37500C9125E = {
			isa = PBXGroup;
			children = (
				B4462B5227A1E37500C9125E /* MiUserDefault */,
				B4462B5127A1E37500C9125E /* Products */,
			);
			sourceTree = "<group>";
		};
		B4462B5127A1E37500C9125E /* Products */ = {
			isa = PBXGroup;
			children = (
				B4462B5027A1E37500C9125E /* MiUserDefault.app */,
			);
			name = Products;
			sourceTree = "<group>";
		};
		B4462B5227A1E37500C9125E /* MiUserDefault */ = {
			isa = PBXGroup;
			children = (
				B49A430727A317E90064A2A0 /* Utils+Helpers */,
				B4462B7227A1E8E300C9125E /* Sources */,
				B4462B6C27A1E3DF00C9125E /* CoreApp */,
				B4462B5C27A1E37800C9125E /* Assets.xcassets */,
				B4462B5E27A1E37800C9125E /* LaunchScreen.storyboard */,
				B4462B6127A1E37800C9125E /* Info.plist */,
			);
			path = MiUserDefault;
			sourceTree = "<group>";
		};
		B4462B6C27A1E3DF00C9125E /* CoreApp */ = {
			isa = PBXGroup;
			children = (
				B4462B5327A1E37500C9125E /* AppDelegate.swift */,
				B4462B6F27A1E4E800C9125E /* AppCoreCoordinator.swift */,
			);
			path = CoreApp;
			sourceTree = "<group>";
		};
		B4462B7227A1E8E300C9125E /* Sources */ = {
			isa = PBXGroup;
			children = (
				B4462B7327A1E8F400C9125E /* RegistroView */,
			);
			path = Sources;
			sourceTree = "<group>";
		};
		B4462B7327A1E8F400C9125E /* RegistroView */ = {
			isa = PBXGroup;
			children = (
				B4462B7427A1E91600C9125E /* RegistroViewController.swift */,
				B4462B7527A1E91600C9125E /* RegistroViewController.xib */,
				B4462B7A27A1E92D00C9125E /* RegistroCoordinator.swift */,
			);
			path = RegistroView;
			sourceTree = "<group>";
		};
		B49A430727A317E90064A2A0 /* Utils+Helpers */ = {
			isa = PBXGroup;
			children = (
				B49A430827A319230064A2A0 /* Utils.swift */,
			);
			path = "Utils+Helpers";
			sourceTree = "<group>";
		};
/* End PBXGroup section */

/* Begin PBXNativeTarget section */
		B4462B4F27A1E37500C9125E /* MiUserDefault */ = {
			isa = PBXNativeTarget;
			buildConfigurationList = B4462B6427A1E37800C9125E /* Build configuration list for PBXNativeTarget "MiUserDefault" */;
			buildPhases = (
				B4462B4C27A1E37500C9125E /* Sources */,
				B4462B4D27A1E37500C9125E /* Frameworks */,
				B4462B4E27A1E37500C9125E /* Resources */,
			);
			buildRules = (
			);
			dependencies = (
			);
			name = MiUserDefault;
			productName = MiUserDefault;
			productReference = B4462B5027A1E37500C9125E /* MiUserDefault.app */;
			productType = "com.apple.product-type.application";
		};
/* End PBXNativeTarget section */

/* Begin PBXProject section */
		B4462B4827A1E37500C9125E /* Project object */ = {
			isa = PBXProject;
			attributes = {
				LastSwiftUpdateCheck = 1240;
				LastUpgradeCheck = 1240;
				TargetAttributes = {
					B4462B4F27A1E37500C9125E = {
						CreatedOnToolsVersion = 12.4;
					};
				};
			};
			buildConfigurationList = B4462B4B27A1E37500C9125E /* Build configuration list for PBXProject "MiUserDefault" */;
			compatibilityVersion = "Xcode 9.3";
			developmentRegion = en;
			hasScannedForEncodings = 0;
			knownRegions = (
				en,
				Base,
			);
			mainGroup = B4462B4727A1E37500C9125E;
			productRefGroup = B4462B5127A1E37500C9125E /* Products */;
			projectDirPath = "";
			projectRoot = "";
			targets = (
				B4462B4F27A1E37500C9125E /* MiUserDefault */,
			);
		};
/* End PBXProject section */

/* Begin PBXResourcesBuildPhase section */
		B4462B4E27A1E37500C9125E /* Resources */ = {
			isa = PBXResourcesBuildPhase;
			buildActionMask = 2147483647;
			files = (
				B4462B7727A1E91600C9125E /* RegistroViewController.xib in Resources */,
				B4462B6027A1E37800C9125E /* LaunchScreen.storyboard in Resources */,
				B4462B5D27A1E37800C9125E /* Assets.xcassets in Resources */,
			);
			runOnlyForDeploymentPostprocessing = 0;
		};
/* End PBXResourcesBuildPhase section */

/* Begin PBXSourcesBuildPhase section */
		B4462B4C27A1E37500C9125E /* Sources */ = {
			isa = PBXSourcesBuildPhase;
			buildActionMask = 2147483647;
			files = (
				B49A430927A319230064A2A0 /* Utils.swift in Sources */,
				B4462B5427A1E37500C9125E /* AppDelegate.swift in Sources */,
				B4462B7627A1E91600C9125E /* RegistroViewController.swift in Sources */,
				B4462B7027A1E4E800C9125E /* AppCoreCoordinator.swift in Sources */,
				B4462B7B27A1E92D00C9125E /* RegistroCoordinator.swift in Sources */,
			);
			runOnlyForDeploymentPostprocessing = 0;
		};
/* End PBXSourcesBuildPhase section */

/* Begin PBXVariantGroup section */
		B4462B5E27A1E37800C9125E /* LaunchScreen.storyboard */ = {
			isa = PBXVariantGroup;
			children = (
				B4462B5F27A1E37800C9125E /* Base */,
			);
			name = LaunchScreen.storyboard;
			sourceTree = "<group>";
		};
/* End PBXVariantGroup section */

/* Begin XCBuildConfiguration section */
		B4462B6227A1E37800C9125E /* Debug */ = {
			isa = XCBuildConfiguration;
			buildSettings = {
				ALWAYS_SEARCH_USER_PATHS = NO;
				CLANG_ANALYZER_NONNULL = YES;
				CLANG_ANALYZER_NUMBER_OBJECT_CONVERSION = YES_AGGRESSIVE;
				CLANG_CXX_LANGUAGE_STANDARD = "gnu++14";
				CLANG_CXX_LIBRARY = "libc++";
				CLANG_ENABLE_MODULES = YES;
				CLANG_ENABLE_OBJC_ARC = YES;
				CLANG_ENABLE_OBJC_WEAK = YES;
				CLANG_WARN_BLOCK_CAPTURE_AUTORELEASING = YES;
				CLANG_WARN_BOOL_CONVERSION = YES;
				CLANG_WARN_COMMA = YES;
				CLANG_WARN_CONSTANT_CONVERSION = YES;
				CLANG_WARN_DEPRECATED_OBJC_IMPLEMENTATIONS = YES;
				CLANG_WARN_DIRECT_OBJC_ISA_USAGE = YES_ERROR;
				CLANG_WARN_DOCUMENTATION_COMMENTS = YES;
				CLANG_WARN_EMPTY_BODY = YES;
				CLANG_WARN_ENUM_CONVERSION = YES;
				CLANG_WARN_INFINITE_RECURSION = YES;
				CLANG_WARN_INT_CONVERSION = YES;
				CLANG_WARN_NON_LITERAL_NULL_CONVERSION = YES;
				CLANG_WARN_OBJC_IMPLICIT_RETAIN_SELF = YES;
				CLANG_WARN_OBJC_LITERAL_CONVERSION = YES;
				CLANG_WARN_OBJC_ROOT_CLASS = YES_ERROR;
				CLANG_WARN_QUOTED_INCLUDE_IN_FRAMEWORK_HEADER = YES;
				CLANG_WARN_RANGE_LOOP_ANALYSIS = YES;
				CLANG_WARN_STRICT_PROTOTYPES = YES;
				CLANG_WARN_SUSPICIOUS_MOVE = YES;
				CLANG_WARN_UNGUARDED_AVAILABILITY = YES_AGGRESSIVE;
				CLANG_WARN_UNREACHABLE_CODE = YES;
				CLANG_WARN__DUPLICATE_METHOD_MATCH = YES;
				COPY_PHASE_STRIP = NO;
				DEBUG_INFORMATION_FORMAT = dwarf;
				ENABLE_STRICT_OBJC_MSGSEND = YES;
				ENABLE_TESTABILITY = YES;
				GCC_C_LANGUAGE_STANDARD = gnu11;
				GCC_DYNAMIC_NO_PIC = NO;
				GCC_NO_COMMON_BLOCKS = YES;
				GCC_OPTIMIZATION_LEVEL = 0;
				GCC_PREPROCESSOR_DEFINITIONS = (
					"DEBUG=1",
					"$(inherited)",
				);
				GCC_WARN_64_TO_32_BIT_CONVERSION = YES;
				GCC_WARN_ABOUT_RETURN_TYPE = YES_ERROR;
				GCC_WARN_UNDECLARED_SELECTOR = YES;
				GCC_WARN_UNINITIALIZED_AUTOS = YES_AGGRESSIVE;
				GCC_WARN_UNUSED_FUNCTION = YES;
				GCC_WARN_UNUSED_VARIABLE = YES;
				IPHONEOS_DEPLOYMENT_TARGET = 14.4;
				MTL_ENABLE_DEBUG_INFO = INCLUDE_SOURCE;
				MTL_FAST_MATH = YES;
				ONLY_ACTIVE_ARCH = YES;
				SDKROOT = iphoneos;
				SWIFT_ACTIVE_COMPILATION_CONDITIONS = DEBUG;
				SWIFT_OPTIMIZATION_LEVEL = "-Onone";
			};
			name = Debug;
		};
		B4462B6327A1E37800C9125E /* Release */ = {
			isa = XCBuildConfiguration;
			buildSettings = {
				ALWAYS_SEARCH_USER_PATHS = NO;
				CLANG_ANALYZER_NONNULL = YES;
				CLANG_ANALYZER_NUMBER_OBJECT_CONVERSION = YES_AGGRESSIVE;
				CLANG_CXX_LANGUAGE_STANDARD = "gnu++14";
				CLANG_CXX_LIBRARY = "libc++";
				CLANG_ENABLE_MODULES = YES;
				CLANG_ENABLE_OBJC_ARC = YES;
				CLANG_ENABLE_OBJC_WEAK = YES;
				CLANG_WARN_BLOCK_CAPTURE_AUTORELEASING = YES;
				CLANG_WARN_BOOL_CONVERSION = YES;
				CLANG_WARN_COMMA = YES;
				CLANG_WARN_CONSTANT_CONVERSION = YES;
				CLANG_WARN_DEPRECATED_OBJC_IMPLEMENTATIONS = YES;
				CLANG_WARN_DIRECT_OBJC_ISA_USAGE = YES_ERROR;
				CLANG_WARN_DOCUMENTATION_COMMENTS = YES;
				CLANG_WARN_EMPTY_BODY = YES;
				CLANG_WARN_ENUM_CONVERSION = YES;
				CLANG_WARN_INFINITE_RECURSION = YES;
				CLANG_WARN_INT_CONVERSION = YES;
				CLANG_WARN_NON_LITERAL_NULL_CONVERSION = YES;
				CLANG_WARN_OBJC_IMPLICIT_RETAIN_SELF = YES;
				CLANG_WARN_OBJC_LITERAL_CONVERSION = YES;
				CLANG_WARN_OBJC_ROOT_CLASS = YES_ERROR;
				CLANG_WARN_QUOTED_INCLUDE_IN_FRAMEWORK_HEADER = YES;
				CLANG_WARN_RANGE_LOOP_ANALYSIS = YES;
				CLANG_WARN_STRICT_PROTOTYPES = YES;
				CLANG_WARN_SUSPICIOUS_MOVE = YES;
				CLANG_WARN_UNGUARDED_AVAILABILITY = YES_AGGRESSIVE;
				CLANG_WARN_UNREACHABLE_CODE = YES;
				CLANG_WARN__DUPLICATE_METHOD_MATCH = YES;
				COPY_PHASE_STRIP = NO;
				DEBUG_INFORMATION_FORMAT = "dwarf-with-dsym";
				ENABLE_NS_ASSERTIONS = NO;
				ENABLE_STRICT_OBJC_MSGSEND = YES;
				GCC_C_LANGUAGE_STANDARD = gnu11;
				GCC_NO_COMMON_BLOCKS = YES;
				GCC_WARN_64_TO_32_BIT_CONVERSION = YES;
				GCC_WARN_ABOUT_RETURN_TYPE = YES_ERROR;
				GCC_WARN_UNDECLARED_SELECTOR = YES;
				GCC_WARN_UNINITIALIZED_AUTOS = YES_AGGRESSIVE;
				GCC_WARN_UNUSED_FUNCTION = YES;
				GCC_WARN_UNUSED_VARIABLE = YES;
				IPHONEOS_DEPLOYMENT_TARGET = 14.4;
				MTL_ENABLE_DEBUG_INFO = NO;
				MTL_FAST_MATH = YES;
				SDKROOT = iphoneos;
				SWIFT_COMPILATION_MODE = wholemodule;
				SWIFT_OPTIMIZATION_LEVEL = "-O";
				VALIDATE_PRODUCT = YES;
			};
			name = Release;
		};
		B4462B6527A1E37800C9125E /* Debug */ = {
			isa = XCBuildConfiguration;
			buildSettings = {
				ASSETCATALOG_COMPILER_APPICON_NAME = AppIcon;
				ASSETCATALOG_COMPILER_GLOBAL_ACCENT_COLOR_NAME = AccentColor;
				CODE_SIGN_STYLE = Automatic;
				DEVELOPMENT_TEAM = 2C7W4RF846;
				INFOPLIST_FILE = MiUserDefault/Info.plist;
				LD_RUNPATH_SEARCH_PATHS = (
					"$(inherited)",
					"@executable_path/Frameworks",
				);
				PRODUCT_BUNDLE_IDENTIFIER = com.cice.education.Tecnologia.iOS.MiUserDefault;
				PRODUCT_NAME = "$(TARGET_NAME)";
				SWIFT_VERSION = 5.0;
				TARGETED_DEVICE_FAMILY = 1;
			};
			name = Debug;
		};
		B4462B6627A1E37800C9125E /* Release */ = {
			isa = XCBuildConfiguration;
			buildSettings = {
				ASSETCATALOG_COMPILER_APPICON_NAME = AppIcon;
				ASSETCATALOG_COMPILER_GLOBAL_ACCENT_COLOR_NAME = AccentColor;
				CODE_SIGN_STYLE = Automatic;
				DEVELOPMENT_TEAM = 2C7W4RF846;
				INFOPLIST_FILE = MiUserDefault/Info.plist;
				LD_RUNPATH_SEARCH_PATHS = (
					"$(inherited)",
					"@executable_path/Frameworks",
				);
				PRODUCT_BUNDLE_IDENTIFIER = com.cice.education.Tecnologia.iOS.MiUserDefault;
				PRODUCT_NAME = "$(TARGET_NAME)";
				SWIFT_VERSION = 5.0;
				TARGETED_DEVICE_FAMILY = 1;
			};
			name = Release;
		};
/* End XCBuildConfiguration section */

/* Begin XCConfigurationList section */
		B4462B4B27A1E37500C9125E /* Build configuration list for PBXProject "MiUserDefault" */ = {
			isa = XCConfigurationList;
			buildConfigurations = (
				B4462B6227A1E37800C9125E /* Debug */,
				B4462B6327A1E37800C9125E /* Release */,
			);
			defaultConfigurationIsVisible = 0;
			defaultConfigurationName = Release;
		};
		B4462B6427A1E37800C9125E /* Build configuration list for PBXNativeTarget "MiUserDefault" */ = {
			isa = XCConfigurationList;
			buildConfigurations = (
				B4462B6527A1E37800C9125E /* Debug */,
				B4462B6627A1E37800C9125E /* Release */,
			);
			defaultConfigurationIsVisible = 0;
			defaultConfigurationName = Release;
		};
/* End XCConfigurationList section */
	};
	rootObject = B4462B4827A1E37500C9125E /* Project object */;
}
